// !$*UTF8*$!
{
	archiveVersion = 1;
	classes = {
	};
	objectVersion = 77;
	objects = {

/* Begin PBXBuildFile section */
		B10000000000000000000001 /* PinbookApp.swift in Sources */ = {isa = PBXBuildFile; fileRef = A10000000000000000000001 /* PinbookApp.swift */; };
		B10000000000000000000002 /* PersistenceModels.swift in Sources */ = {isa = PBXBuildFile; fileRef = A10000000000000000000002 /* PersistenceModels.swift */; };
		B10000000000000000000003 /* PinbookTheme.swift in Sources */ = {isa = PBXBuildFile; fileRef = A10000000000000000000003 /* PinbookTheme.swift */; };
		B10000000000000000000004 /* AppShellView.swift in Sources */ = {isa = PBXBuildFile; fileRef = A10000000000000000000004 /* AppShellView.swift */; };
		B10000000000000000000005 /* ExpenseViews.swift in Sources */ = {isa = PBXBuildFile; fileRef = A10000000000000000000005 /* ExpenseViews.swift */; };
		B10000000000000000000006 /* ExpenseEditorView.swift in Sources */ = {isa = PBXBuildFile; fileRef = A10000000000000000000006 /* ExpenseEditorView.swift */; };
		B10000000000000000000007 /* SummaryAndNotedViews.swift in Sources */ = {isa = PBXBuildFile; fileRef = A10000000000000000000007 /* SummaryAndNotedViews.swift */; };
		B10000000000000000000008 /* OptionsView.swift in Sources */ = {isa = PBXBuildFile; fileRef = A10000000000000000000008 /* OptionsView.swift */; };
		B10000000000000000000009 /* Localizable.xcstrings in Resources */ = {isa = PBXBuildFile; fileRef = A10000000000000000000009 /* Localizable.xcstrings */; };
		B1000000000000000000000A /* LaunchConfiguration.swift in Sources */ = {isa = PBXBuildFile; fileRef = A1000000000000000000000A /* LaunchConfiguration.swift */; };
		B1000000000000000000000B /* TemplatesAndQuickAddViews.swift in Sources */ = {isa = PBXBuildFile; fileRef = A1000000000000000000000B /* TemplatesAndQuickAddViews.swift */; };
		B1000000000000000000000C /* ReceiptFileStore.swift in Sources */ = {isa = PBXBuildFile; fileRef = A1000000000000000000000C /* ReceiptFileStore.swift */; };
		B1000000000000000000000D /* ReceiptViews.swift in Sources */ = {isa = PBXBuildFile; fileRef = A1000000000000000000000D /* ReceiptViews.swift */; };
		B1000000000000000000000E /* StatementAndReminderServices.swift in Sources */ = {isa = PBXBuildFile; fileRef = A1000000000000000000000E /* StatementAndReminderServices.swift */; };
		B1000000000000000000000F /* StatementAndReminderViews.swift in Sources */ = {isa = PBXBuildFile; fileRef = A1000000000000000000000F /* StatementAndReminderViews.swift */; };
		B10000000000000000000010 /* BackupRecoveryService.swift in Sources */ = {isa = PBXBuildFile; fileRef = A10000000000000000000010 /* BackupRecoveryService.swift */; };
		B10000000000000000000011 /* BackupRecoveryView.swift in Sources */ = {isa = PBXBuildFile; fileRef = A10000000000000000000011 /* BackupRecoveryView.swift */; };
		B10000000000000000000012 /* OnboardingView.swift in Sources */ = {isa = PBXBuildFile; fileRef = A10000000000000000000012 /* OnboardingView.swift */; };
		B10000000000000000000013 /* Assets.xcassets in Resources */ = {isa = PBXBuildFile; fileRef = A10000000000000000000013 /* Assets.xcassets */; };
		B10000000000000000000014 /* PrivacyInfo.xcprivacy in Resources */ = {isa = PBXBuildFile; fileRef = A10000000000000000000014 /* PrivacyInfo.xcprivacy */; };
		B20000000000000000000001 /* Records.swift in Sources */ = {isa = PBXBuildFile; fileRef = A20000000000000000000001 /* Records.swift */; };
		B20000000000000000000002 /* Backup.swift in Sources */ = {isa = PBXBuildFile; fileRef = A20000000000000000000002 /* Backup.swift */; };
		B20000000000000000000003 /* Money.swift in Sources */ = {isa = PBXBuildFile; fileRef = A20000000000000000000003 /* Money.swift */; };
		B20000000000000000000004 /* Merge.swift in Sources */ = {isa = PBXBuildFile; fileRef = A20000000000000000000004 /* Merge.swift */; };
		B20000000000000000000005 /* ServicePorts.swift in Sources */ = {isa = PBXBuildFile; fileRef = A20000000000000000000005 /* ServicePorts.swift */; };
		B20000000000000000000006 /* BackupRecovery.swift in Sources */ = {isa = PBXBuildFile; fileRef = A20000000000000000000006 /* BackupRecovery.swift */; };
		B20000000000000000000007 /* TeamDelivery.swift in Sources */ = {isa = PBXBuildFile; fileRef = A20000000000000000000007 /* TeamDelivery.swift */; };
		B20000000000000000000008 /* TeamInbox.swift in Sources */ = {isa = PBXBuildFile; fileRef = A20000000000000000000008 /* TeamInbox.swift */; };
		B20000000000000000000009 /* TeamPortableArchive.swift in Sources */ = {isa = PBXBuildFile; fileRef = A20000000000000000000009 /* TeamPortableArchive.swift */; };
		B2000000000000000000000A /* TeamNativeSignIn.swift in Sources */ = {isa = PBXBuildFile; fileRef = A2000000000000000000000A /* TeamNativeSignIn.swift */; };
		B30000000000000000000005 /* TeamNativeSignInTests.swift in Sources */ = {isa = PBXBuildFile; fileRef = A30000000000000000000005 /* TeamNativeSignInTests.swift */; };
		B30000000000000000000004 /* TeamPortableArchiveTests.swift in Sources */ = {isa = PBXBuildFile; fileRef = A30000000000000000000004 /* TeamPortableArchiveTests.swift */; };
		B30000000000000000000002 /* TeamDeliveryTests.swift in Sources */ = {isa = PBXBuildFile; fileRef = A30000000000000000000002 /* TeamDeliveryTests.swift */; };
		B30000000000000000000003 /* Fixtures in Resources */ = {isa = PBXBuildFile; fileRef = A30000000000000000000003 /* Fixtures */; };
		B30000000000000000000001 /* PinbookTests.swift in Sources */ = {isa = PBXBuildFile; fileRef = A30000000000000000000001 /* PinbookTests.swift */; };
		B40000000000000000000001 /* PinbookUITests.swift in Sources */ = {isa = PBXBuildFile; fileRef = A40000000000000000000001 /* PinbookUITests.swift */; };
		B50000000000000000000001 /* PinbookWidgets.swift in Sources */ = {isa = PBXBuildFile; fileRef = A50000000000000000000001 /* PinbookWidgets.swift */; };
		B50000000000000000000002 /* Localizable.xcstrings in Resources */ = {isa = PBXBuildFile; fileRef = A10000000000000000000009 /* Localizable.xcstrings */; };
		B50000000000000000000003 /* PinbookWidgets.appex in Embed Foundation Extensions */ = {isa = PBXBuildFile; fileRef = P50000000000000000000001 /* PinbookWidgets.appex */; settings = {ATTRIBUTES = (RemoveHeadersOnCopy, ); }; };
/* End PBXBuildFile section */

/* Begin PBXContainerItemProxy section */
		D30000000000000000000001 /* PBXContainerItemProxy */ = {
			isa = PBXContainerItemProxy;
			containerPortal = E00000000000000000000001 /* Project object */;
			proxyType = 1;
			remoteGlobalIDString = T10000000000000000000001;
			remoteInfo = Pinbook;
		};
		D40000000000000000000001 /* PBXContainerItemProxy */ = {
			isa = PBXContainerItemProxy;
			containerPortal = E00000000000000000000001 /* Project object */;
			proxyType = 1;
			remoteGlobalIDString = T10000000000000000000001;
			remoteInfo = Pinbook;
		};
		D50000000000000000000001 /* PBXContainerItemProxy */ = {
			isa = PBXContainerItemProxy;
			containerPortal = E00000000000000000000001 /* Project object */;
			proxyType = 1;
			remoteGlobalIDString = T50000000000000000000001;
			remoteInfo = PinbookWidgets;
		};
/* End PBXContainerItemProxy section */

/* Begin PBXCopyFilesBuildPhase section */
		X10000000000000000000001 /* Embed Foundation Extensions */ = {
			isa = PBXCopyFilesBuildPhase;
			buildActionMask = 2147483647;
			dstPath = "";
			dstSubfolderSpec = 13;
			files = (
				B50000000000000000000003 /* PinbookWidgets.appex in Embed Foundation Extensions */,
			);
			name = "Embed Foundation Extensions";
			runOnlyForDeploymentPostprocessing = 0;
		};
/* End PBXCopyFilesBuildPhase section */

/* Begin PBXFileReference section */
		A10000000000000000000001 /* PinbookApp.swift */ = {isa = PBXFileReference; lastKnownFileType = sourcecode.swift; path = PinbookApp.swift; sourceTree = "<group>"; };
		A10000000000000000000002 /* PersistenceModels.swift */ = {isa = PBXFileReference; lastKnownFileType = sourcecode.swift; path = PersistenceModels.swift; sourceTree = "<group>"; };
		A10000000000000000000003 /* PinbookTheme.swift */ = {isa = PBXFileReference; lastKnownFileType = sourcecode.swift; path = PinbookTheme.swift; sourceTree = "<group>"; };
		A10000000000000000000004 /* AppShellView.swift */ = {isa = PBXFileReference; lastKnownFileType = sourcecode.swift; path = AppShellView.swift; sourceTree = "<group>"; };
		A10000000000000000000005 /* ExpenseViews.swift */ = {isa = PBXFileReference; lastKnownFileType = sourcecode.swift; path = ExpenseViews.swift; sourceTree = "<group>"; };
		A10000000000000000000006 /* ExpenseEditorView.swift */ = {isa = PBXFileReference; lastKnownFileType = sourcecode.swift; path = ExpenseEditorView.swift; sourceTree = "<group>"; };
		A10000000000000000000007 /* SummaryAndNotedViews.swift */ = {isa = PBXFileReference; lastKnownFileType = sourcecode.swift; path = SummaryAndNotedViews.swift; sourceTree = "<group>"; };
		A10000000000000000000008 /* OptionsView.swift */ = {isa = PBXFileReference; lastKnownFileType = sourcecode.swift; path = OptionsView.swift; sourceTree = "<group>"; };
		A10000000000000000000009 /* Localizable.xcstrings */ = {isa = PBXFileReference; lastKnownFileType = text.json.xcstrings; path = Localizable.xcstrings; sourceTree = "<group>"; };
		A1000000000000000000000A /* LaunchConfiguration.swift */ = {isa = PBXFileReference; lastKnownFileType = sourcecode.swift; path = LaunchConfiguration.swift; sourceTree = "<group>"; };
		A1000000000000000000000B /* TemplatesAndQuickAddViews.swift */ = {isa = PBXFileReference; lastKnownFileType = sourcecode.swift; path = TemplatesAndQuickAddViews.swift; sourceTree = "<group>"; };
		A1000000000000000000000C /* ReceiptFileStore.swift */ = {isa = PBXFileReference; lastKnownFileType = sourcecode.swift; path = ReceiptFileStore.swift; sourceTree = "<group>"; };
		A1000000000000000000000D /* ReceiptViews.swift */ = {isa = PBXFileReference; lastKnownFileType = sourcecode.swift; path = ReceiptViews.swift; sourceTree = "<group>"; };
		A1000000000000000000000E /* StatementAndReminderServices.swift */ = {isa = PBXFileReference; lastKnownFileType = sourcecode.swift; path = StatementAndReminderServices.swift; sourceTree = "<group>"; };
		A1000000000000000000000F /* StatementAndReminderViews.swift */ = {isa = PBXFileReference; lastKnownFileType = sourcecode.swift; path = StatementAndReminderViews.swift; sourceTree = "<group>"; };
		A10000000000000000000010 /* BackupRecoveryService.swift */ = {isa = PBXFileReference; lastKnownFileType = sourcecode.swift; path = BackupRecoveryService.swift; sourceTree = "<group>"; };
		A10000000000000000000011 /* BackupRecoveryView.swift */ = {isa = PBXFileReference; lastKnownFileType = sourcecode.swift; path = BackupRecoveryView.swift; sourceTree = "<group>"; };
		A10000000000000000000012 /* OnboardingView.swift */ = {isa = PBXFileReference; lastKnownFileType = sourcecode.swift; path = OnboardingView.swift; sourceTree = "<group>"; };
		A10000000000000000000013 /* Assets.xcassets */ = {isa = PBXFileReference; lastKnownFileType = folder.assetcatalog; path = Assets.xcassets; sourceTree = "<group>"; };
		A10000000000000000000014 /* PrivacyInfo.xcprivacy */ = {isa = PBXFileReference; lastKnownFileType = text.xml; path = PrivacyInfo.xcprivacy; sourceTree = "<group>"; };
		A20000000000000000000001 /* Records.swift */ = {isa = PBXFileReference; lastKnownFileType = sourcecode.swift; path = Records.swift; sourceTree = "<group>"; };
		A20000000000000000000002 /* Backup.swift */ = {isa = PBXFileReference; lastKnownFileType = sourcecode.swift; path = Backup.swift; sourceTree = "<group>"; };
		A20000000000000000000003 /* Money.swift */ = {isa = PBXFileReference; lastKnownFileType = sourcecode.swift; path = Money.swift; sourceTree = "<group>"; };
		A20000000000000000000004 /* Merge.swift */ = {isa = PBXFileReference; lastKnownFileType = sourcecode.swift; path = Merge.swift; sourceTree = "<group>"; };
		A20000000000000000000005 /* ServicePorts.swift */ = {isa = PBXFileReference; lastKnownFileType = sourcecode.swift; path = ServicePorts.swift; sourceTree = "<group>"; };
		A20000000000000000000006 /* BackupRecovery.swift */ = {isa = PBXFileReference; lastKnownFileType = sourcecode.swift; path = BackupRecovery.swift; sourceTree = "<group>"; };
		A20000000000000000000007 /* TeamDelivery.swift */ = {isa = PBXFileReference; lastKnownFileType = sourcecode.swift; path = TeamDelivery.swift; sourceTree = "<group>"; };
		A20000000000000000000008 /* TeamInbox.swift */ = {isa = PBXFileReference; lastKnownFileType = sourcecode.swift; path = TeamInbox.swift; sourceTree = "<group>"; };
		A20000000000000000000009 /* TeamPortableArchive.swift */ = {isa = PBXFileReference; lastKnownFileType = sourcecode.swift; path = TeamPortableArchive.swift; sourceTree = "<group>"; };
		A2000000000000000000000A /* TeamNativeSignIn.swift */ = {isa = PBXFileReference; lastKnownFileType = sourcecode.swift; path = TeamNativeSignIn.swift; sourceTree = "<group>"; };
		A30000000000000000000005 /* TeamNativeSignInTests.swift */ = {isa = PBXFileReference; lastKnownFileType = sourcecode.swift; path = ../Tests/PinbookCoreTests/TeamNativeSignInTests.swift; sourceTree = "<group>"; };
		A30000000000000000000004 /* TeamPortableArchiveTests.swift */ = {isa = PBXFileReference; lastKnownFileType = sourcecode.swift; path = ../Tests/PinbookCoreTests/TeamPortableArchiveTests.swift; sourceTree = "<group>"; };
		A30000000000000000000002 /* TeamDeliveryTests.swift */ = {isa = PBXFileReference; lastKnownFileType = sourcecode.swift; path = ../Tests/PinbookCoreTests/TeamDeliveryTests.swift; sourceTree = "<group>"; };
		A30000000000000000000003 /* Fixtures */ = {isa = PBXFileReference; lastKnownFileType = folder; path = ../Tests/PinbookCoreTests/Fixtures; sourceTree = "<group>"; };
		A30000000000000000000001 /* PinbookTests.swift */ = {isa = PBXFileReference; lastKnownFileType = sourcecode.swift; path = PinbookTests.swift; sourceTree = "<group>"; };
		A40000000000000000000001 /* PinbookUITests.swift */ = {isa = PBXFileReference; lastKnownFileType = sourcecode.swift; path = PinbookUITests.swift; sourceTree = "<group>"; };
		A50000000000000000000001 /* PinbookWidgets.swift */ = {isa = PBXFileReference; lastKnownFileType = sourcecode.swift; path = PinbookWidgets.swift; sourceTree = "<group>"; };
		A50000000000000000000002 /* Info.plist */ = {isa = PBXFileReference; lastKnownFileType = text.plist.xml; path = Info.plist; sourceTree = "<group>"; };
		P10000000000000000000001 /* Pinbook.app */ = {isa = PBXFileReference; explicitFileType = wrapper.application; includeInIndex = 0; path = Pinbook.app; sourceTree = BUILT_PRODUCTS_DIR; };
		P30000000000000000000001 /* PinbookTests.xctest */ = {isa = PBXFileReference; explicitFileType = wrapper.cfbundle; includeInIndex = 0; path = PinbookTests.xctest; sourceTree = BUILT_PRODUCTS_DIR; };
		P40000000000000000000001 /* PinbookUITests.xctest */ = {isa = PBXFileReference; explicitFileType = wrapper.cfbundle; includeInIndex = 0; path = PinbookUITests.xctest; sourceTree = BUILT_PRODUCTS_DIR; };
		P50000000000000000000001 /* PinbookWidgets.appex */ = {isa = PBXFileReference; explicitFileType = "wrapper.app-extension"; includeInIndex = 0; path = PinbookWidgets.appex; sourceTree = BUILT_PRODUCTS_DIR; };
/* End PBXFileReference section */

/* Begin PBXFrameworksBuildPhase section */
		F10000000000000000000001 /* Frameworks */ = {
			isa = PBXFrameworksBuildPhase;
			buildActionMask = 2147483647;
			files = (
			);
			runOnlyForDeploymentPostprocessing = 0;
		};
		F30000000000000000000001 /* Frameworks */ = {
			isa = PBXFrameworksBuildPhase;
			buildActionMask = 2147483647;
			files = (
			);
			runOnlyForDeploymentPostprocessing = 0;
		};
		F40000000000000000000001 /* Frameworks */ = {
			isa = PBXFrameworksBuildPhase;
			buildActionMask = 2147483647;
			files = (
			);
			runOnlyForDeploymentPostprocessing = 0;
		};
		F50000000000000000000001 /* Frameworks */ = {
			isa = PBXFrameworksBuildPhase;
			buildActionMask = 2147483647;
			files = (
			);
			runOnlyForDeploymentPostprocessing = 0;
		};
/* End PBXFrameworksBuildPhase section */

/* Begin PBXGroup section */
		G00000000000000000000001 = {
			isa = PBXGroup;
			children = (
				G10000000000000000000001 /* Pinbook */,
				G50000000000000000000001 /* PinbookWidgets */,
				G20000000000000000000001 /* PinbookCore */,
				G30000000000000000000001 /* PinbookTests */,
				G40000000000000000000001 /* PinbookUITests */,
				G90000000000000000000001 /* Products */,
			);
			sourceTree = "<group>";
		};
		G10000000000000000000001 /* Pinbook */ = {
			isa = PBXGroup;
			children = (
				A10000000000000000000013 /* Assets.xcassets */,
				A10000000000000000000014 /* PrivacyInfo.xcprivacy */,
				A10000000000000000000001 /* PinbookApp.swift */,
				A10000000000000000000002 /* PersistenceModels.swift */,
				A10000000000000000000003 /* PinbookTheme.swift */,
				A10000000000000000000004 /* AppShellView.swift */,
				A10000000000000000000005 /* ExpenseViews.swift */,
				A10000000000000000000006 /* ExpenseEditorView.swift */,
				A10000000000000000000007 /* SummaryAndNotedViews.swift */,
				A10000000000000000000008 /* OptionsView.swift */,
				A10000000000000000000009 /* Localizable.xcstrings */,
				A1000000000000000000000A /* LaunchConfiguration.swift */,
				A1000000000000000000000B /* TemplatesAndQuickAddViews.swift */,
				A1000000000000000000000C /* ReceiptFileStore.swift */,
				A1000000000000000000000D /* ReceiptViews.swift */,
				A1000000000000000000000E /* StatementAndReminderServices.swift */,
				A1000000000000000000000F /* StatementAndReminderViews.swift */,
				A10000000000000000000010 /* BackupRecoveryService.swift */,
				A10000000000000000000011 /* BackupRecoveryView.swift */,
				A10000000000000000000012 /* OnboardingView.swift */,
			);
			path = Pinbook;
			sourceTree = "<group>";
		};
		G20000000000000000000001 /* PinbookCore */ = {
			isa = PBXGroup;
			children = (
				A20000000000000000000001 /* Records.swift */,
				A20000000000000000000002 /* Backup.swift */,
				A20000000000000000000003 /* Money.swift */,
				A20000000000000000000004 /* Merge.swift */,
				A20000000000000000000005 /* ServicePorts.swift */,
				A20000000000000000000006 /* BackupRecovery.swift */,
				A20000000000000000000007 /* TeamDelivery.swift */,
				A20000000000000000000008 /* TeamInbox.swift */,
				A20000000000000000000009 /* TeamPortableArchive.swift */,
				A2000000000000000000000A /* TeamNativeSignIn.swift */,
			);
			path = Sources/PinbookCore;
			sourceTree = "<group>";
		};
		G30000000000000000000001 /* PinbookTests */ = {
			isa = PBXGroup;
			children = (
				A30000000000000000000001 /* PinbookTests.swift */,
				A30000000000000000000002 /* TeamDeliveryTests.swift */,
				A30000000000000000000004 /* TeamPortableArchiveTests.swift */,
				A30000000000000000000005 /* TeamNativeSignInTests.swift */,
				A30000000000000000000003 /* Fixtures */,
			);
			path = PinbookTests;
			sourceTree = "<group>";
		};
		G40000000000000000000001 /* PinbookUITests */ = {
			isa = PBXGroup;
			children = (
				A40000000000000000000001 /* PinbookUITests.swift */,
			);
			path = PinbookUITests;
			sourceTree = "<group>";
		};
		G50000000000000000000001 /* PinbookWidgets */ = {
			isa = PBXGroup;
			children = (
				A50000000000000000000001 /* PinbookWidgets.swift */,
				A50000000000000000000002 /* Info.plist */,
			);
			path = PinbookWidgets;
			sourceTree = "<group>";
		};
		G90000000000000000000001 /* Products */ = {
			isa = PBXGroup;
			children = (
				P10000000000000000000001 /* Pinbook.app */,
				P30000000000000000000001 /* PinbookTests.xctest */,
				P40000000000000000000001 /* PinbookUITests.xctest */,
				P50000000000000000000001 /* PinbookWidgets.appex */,
			);
			name = Products;
			sourceTree = "<group>";
		};
/* End PBXGroup section */

/* Begin PBXNativeTarget section */
		T10000000000000000000001 /* Pinbook */ = {
			isa = PBXNativeTarget;
			buildConfigurationList = L10000000000000000000001 /* Build configuration list for PBXNativeTarget "Pinbook" */;
			buildPhases = (
				S10000000000000000000001 /* Sources */,
				F10000000000000000000001 /* Frameworks */,
				R10000000000000000000001 /* Resources */,
				X10000000000000000000001 /* Embed Foundation Extensions */,
			);
			buildRules = (
			);
			dependencies = (
				D50000000000000000000002 /* PBXTargetDependency */,
			);
			name = Pinbook;
			productName = Pinbook;
			productReference = P10000000000000000000001 /* Pinbook.app */;
			productType = "com.apple.product-type.application";
		};
		T30000000000000000000001 /* PinbookTests */ = {
			isa = PBXNativeTarget;
			buildConfigurationList = L30000000000000000000001 /* Build configuration list for PBXNativeTarget "PinbookTests" */;
			buildPhases = (
				S30000000000000000000001 /* Sources */,
				F30000000000000000000001 /* Frameworks */,
				R30000000000000000000001 /* Resources */,
			);
			buildRules = (
			);
			dependencies = (
				D30000000000000000000002 /* PBXTargetDependency */,
			);
			name = PinbookTests;
			productName = PinbookTests;
			productReference = P30000000000000000000001 /* PinbookTests.xctest */;
			productType = "com.apple.product-type.bundle.unit-test";
		};
		T40000000000000000000001 /* PinbookUITests */ = {
			isa = PBXNativeTarget;
			buildConfigurationList = L40000000000000000000001 /* Build configuration list for PBXNativeTarget "PinbookUITests" */;
			buildPhases = (
				S40000000000000000000001 /* Sources */,
				F40000000000000000000001 /* Frameworks */,
				R40000000000000000000001 /* Resources */,
			);
			buildRules = (
			);
			dependencies = (
				D40000000000000000000002 /* PBXTargetDependency */,
			);
			name = PinbookUITests;
			productName = PinbookUITests;
			productReference = P40000000000000000000001 /* PinbookUITests.xctest */;
			productType = "com.apple.product-type.bundle.ui-testing";
		};
		T50000000000000000000001 /* PinbookWidgets */ = {
			isa = PBXNativeTarget;
			buildConfigurationList = L50000000000000000000001 /* Build configuration list for PBXNativeTarget "PinbookWidgets" */;
			buildPhases = (
				S50000000000000000000001 /* Sources */,
				F50000000000000000000001 /* Frameworks */,
				R50000000000000000000001 /* Resources */,
			);
			buildRules = (
			);
			dependencies = (
			);
			name = PinbookWidgets;
			productName = PinbookWidgets;
			productReference = P50000000000000000000001 /* PinbookWidgets.appex */;
			productType = "com.apple.product-type.app-extension";
		};
/* End PBXNativeTarget section */

/* Begin PBXProject section */
		E00000000000000000000001 /* Project object */ = {
			isa = PBXProject;
			attributes = {
				BuildIndependentTargetsInParallel = 1;
				LastSwiftUpdateCheck = 2660;
				LastUpgradeCheck = 2660;
				TargetAttributes = {
					T10000000000000000000001 = { CreatedOnToolsVersion = 26.6; };
					T30000000000000000000001 = { CreatedOnToolsVersion = 26.6; TestTargetID = T10000000000000000000001; };
					T40000000000000000000001 = { CreatedOnToolsVersion = 26.6; TestTargetID = T10000000000000000000001; };
					T50000000000000000000001 = { CreatedOnToolsVersion = 26.6; };
				};
			};
			buildConfigurationList = L00000000000000000000001 /* Build configuration list for PBXProject "Pinbook" */;
			developmentRegion = en;
			hasScannedForEncodings = 0;
			knownRegions = (
				ar,
				en,
				Base,
				"zh-Hans",
				"zh-Hant",
				tr,
				es,
				fr,
				de,
				"pt-BR",
				hi,
				id,
				ja,
				ko,
				ru,
				it,
				ur,
			);
			mainGroup = G00000000000000000000001;
			productRefGroup = G90000000000000000000001 /* Products */;
			projectDirPath = "";
			projectRoot = "";
			targets = (
				T10000000000000000000001 /* Pinbook */,
				T30000000000000000000001 /* PinbookTests */,
				T40000000000000000000001 /* PinbookUITests */,
				T50000000000000000000001 /* PinbookWidgets */,
			);
		};
/* End PBXProject section */

/* Begin PBXResourcesBuildPhase section */
		R10000000000000000000001 /* Resources */ = {
			isa = PBXResourcesBuildPhase;
			buildActionMask = 2147483647;
			files = (
				B10000000000000000000013 /* Assets.xcassets in Resources */,
				B10000000000000000000014 /* PrivacyInfo.xcprivacy in Resources */,
				B10000000000000000000009 /* Localizable.xcstrings in Resources */,
			);
			runOnlyForDeploymentPostprocessing = 0;
		};
		R30000000000000000000001 /* Resources */ = {
			isa = PBXResourcesBuildPhase;
			buildActionMask = 2147483647;
			files = (
				B30000000000000000000003 /* Fixtures in Resources */,
			);
			runOnlyForDeploymentPostprocessing = 0;
		};
		R40000000000000000000001 /* Resources */ = {
			isa = PBXResourcesBuildPhase;
			buildActionMask = 2147483647;
			files = (
			);
			runOnlyForDeploymentPostprocessing = 0;
		};
		R50000000000000000000001 /* Resources */ = {
			isa = PBXResourcesBuildPhase;
			buildActionMask = 2147483647;
			files = (
				B50000000000000000000002 /* Localizable.xcstrings in Resources */,
			);
			runOnlyForDeploymentPostprocessing = 0;
		};
/* End PBXResourcesBuildPhase section */

/* Begin PBXSourcesBuildPhase section */
		S10000000000000000000001 /* Sources */ = {
			isa = PBXSourcesBuildPhase;
			buildActionMask = 2147483647;
			files = (
				B10000000000000000000001 /* PinbookApp.swift in Sources */,
				B10000000000000000000002 /* PersistenceModels.swift in Sources */,
				B10000000000000000000003 /* PinbookTheme.swift in Sources */,
				B10000000000000000000004 /* AppShellView.swift in Sources */,
				B10000000000000000000005 /* ExpenseViews.swift in Sources */,
				B10000000000000000000006 /* ExpenseEditorView.swift in Sources */,
				B10000000000000000000007 /* SummaryAndNotedViews.swift in Sources */,
				B10000000000000000000008 /* OptionsView.swift in Sources */,
				B1000000000000000000000A /* LaunchConfiguration.swift in Sources */,
				B1000000000000000000000B /* TemplatesAndQuickAddViews.swift in Sources */,
				B1000000000000000000000C /* ReceiptFileStore.swift in Sources */,
				B1000000000000000000000D /* ReceiptViews.swift in Sources */,
				B1000000000000000000000E /* StatementAndReminderServices.swift in Sources */,
				B1000000000000000000000F /* StatementAndReminderViews.swift in Sources */,
				B10000000000000000000010 /* BackupRecoveryService.swift in Sources */,
				B10000000000000000000011 /* BackupRecoveryView.swift in Sources */,
				B10000000000000000000012 /* OnboardingView.swift in Sources */,
				B20000000000000000000001 /* Records.swift in Sources */,
				B20000000000000000000002 /* Backup.swift in Sources */,
				B20000000000000000000003 /* Money.swift in Sources */,
				B20000000000000000000004 /* Merge.swift in Sources */,
				B20000000000000000000005 /* ServicePorts.swift in Sources */,
				B20000000000000000000006 /* BackupRecovery.swift in Sources */,
				B20000000000000000000007 /* TeamDelivery.swift in Sources */,
				B20000000000000000000008 /* TeamInbox.swift in Sources */,
				B20000000000000000000009 /* TeamPortableArchive.swift in Sources */,
				B2000000000000000000000A /* TeamNativeSignIn.swift in Sources */,
			);
			runOnlyForDeploymentPostprocessing = 0;
		};
		S30000000000000000000001 /* Sources */ = {
			isa = PBXSourcesBuildPhase;
			buildActionMask = 2147483647;
			files = (
				B30000000000000000000001 /* PinbookTests.swift in Sources */,
				B30000000000000000000002 /* TeamDeliveryTests.swift in Sources */,
				B30000000000000000000004 /* TeamPortableArchiveTests.swift in Sources */,
				B30000000000000000000005 /* TeamNativeSignInTests.swift in Sources */,
			);
			runOnlyForDeploymentPostprocessing = 0;
		};
		S40000000000000000000001 /* Sources */ = {
			isa = PBXSourcesBuildPhase;
			buildActionMask = 2147483647;
			files = (
				B40000000000000000000001 /* PinbookUITests.swift in Sources */,
			);
			runOnlyForDeploymentPostprocessing = 0;
		};
		S50000000000000000000001 /* Sources */ = {
			isa = PBXSourcesBuildPhase;
			buildActionMask = 2147483647;
			files = (
				B50000000000000000000001 /* PinbookWidgets.swift in Sources */,
			);
			runOnlyForDeploymentPostprocessing = 0;
		};
/* End PBXSourcesBuildPhase section */

/* Begin PBXTargetDependency section */
		D30000000000000000000002 /* PBXTargetDependency */ = {
			isa = PBXTargetDependency;
			target = T10000000000000000000001 /* Pinbook */;
			targetProxy = D30000000000000000000001 /* PBXContainerItemProxy */;
		};
		D40000000000000000000002 /* PBXTargetDependency */ = {
			isa = PBXTargetDependency;
			target = T10000000000000000000001 /* Pinbook */;
			targetProxy = D40000000000000000000001 /* PBXContainerItemProxy */;
		};
		D50000000000000000000002 /* PBXTargetDependency */ = {
			isa = PBXTargetDependency;
			target = T50000000000000000000001 /* PinbookWidgets */;
			targetProxy = D50000000000000000000001 /* PBXContainerItemProxy */;
		};
/* End PBXTargetDependency section */

/* Begin XCBuildConfiguration section */
		C00000000000000000000001 /* Debug */ = {
			isa = XCBuildConfiguration;
			buildSettings = {
				ALWAYS_SEARCH_USER_PATHS = NO;
				CLANG_ENABLE_MODULES = YES;
				CLANG_ENABLE_OBJC_ARC = YES;
				COPY_PHASE_STRIP = NO;
				DEBUG_INFORMATION_FORMAT = dwarf;
				ENABLE_TESTABILITY = YES;
				GCC_C_LANGUAGE_STANDARD = gnu17;
				GCC_OPTIMIZATION_LEVEL = 0;
				ONLY_ACTIVE_ARCH = YES;
				SWIFT_ACTIVE_COMPILATION_CONDITIONS = "DEBUG $(inherited)";
				SWIFT_OPTIMIZATION_LEVEL = "-Onone";
			};
			name = Debug;
		};
		C00000000000000000000002 /* Release */ = {
			isa = XCBuildConfiguration;
			buildSettings = {
				ALWAYS_SEARCH_USER_PATHS = NO;
				CLANG_ENABLE_MODULES = YES;
				CLANG_ENABLE_OBJC_ARC = YES;
				COPY_PHASE_STRIP = YES;
				DEBUG_INFORMATION_FORMAT = "dwarf-with-dsym";
				GCC_C_LANGUAGE_STANDARD = gnu17;
				SWIFT_COMPILATION_MODE = wholemodule;
			};
			name = Release;
		};
		C10000000000000000000001 /* Debug */ = {
			isa = XCBuildConfiguration;
			buildSettings = {
				ASSETCATALOG_COMPILER_APPICON_NAME = AppIcon;
				ASSETCATALOG_COMPILER_GENERATE_SWIFT_ASSET_SYMBOL_EXTENSIONS = YES;
				CODE_SIGN_STYLE = Automatic;
				CURRENT_PROJECT_VERSION = 3;
				DEVELOPMENT_TEAM = F98S3VN5NL;
				DEVELOPMENT_ASSET_PATHS = "";
				ENABLE_PREVIEWS = YES;
				GENERATE_INFOPLIST_FILE = NO;
				INFOPLIST_FILE = Pinbook/Info.plist;
				INFOPLIST_KEY_CFBundleDisplayName = Pinbook;
				INFOPLIST_KEY_LSApplicationCategoryType = "public.app-category.finance";
				INFOPLIST_KEY_UIApplicationSceneManifest_Generation = YES;
				INFOPLIST_KEY_UILaunchScreen_Generation = YES;
				INFOPLIST_KEY_UISupportedInterfaceOrientations = "UIInterfaceOrientationPortrait UIInterfaceOrientationPortraitUpsideDown UIInterfaceOrientationLandscapeLeft UIInterfaceOrientationLandscapeRight";
				IPHONEOS_DEPLOYMENT_TARGET = 26.1;
				LD_RUNPATH_SEARCH_PATHS = "$(inherited) @executable_path/Frameworks";
				MARKETING_VERSION = 0.1.0;
				PRODUCT_BUNDLE_IDENTIFIER = com.zaidsafa.pinbook.ios;
				PRODUCT_NAME = "$(TARGET_NAME)";
				SUPPORTED_PLATFORMS = "iphoneos iphonesimulator";
				SUPPORTS_MACCATALYST = NO;
				SWIFT_EMIT_LOC_STRINGS = YES;
				SWIFT_STRICT_CONCURRENCY = complete;
				SWIFT_VERSION = 6.0;
				TARGETED_DEVICE_FAMILY = "1,2";
			};
			name = Debug;
		};
		C10000000000000000000002 /* Release */ = {
			isa = XCBuildConfiguration;
			buildSettings = {
				ASSETCATALOG_COMPILER_APPICON_NAME = AppIcon;
				ASSETCATALOG_COMPILER_GENERATE_SWIFT_ASSET_SYMBOL_EXTENSIONS = YES;
				CODE_SIGN_STYLE = Automatic;
				CURRENT_PROJECT_VERSION = 3;
				DEVELOPMENT_TEAM = F98S3VN5NL;
				DEVELOPMENT_ASSET_PATHS = "";
				GENERATE_INFOPLIST_FILE = NO;
				INFOPLIST_FILE = Pinbook/Info.plist;
				INFOPLIST_KEY_CFBundleDisplayName = Pinbook;
				INFOPLIST_KEY_LSApplicationCategoryType = "public.app-category.finance";
				INFOPLIST_KEY_UIApplicationSceneManifest_Generation = YES;
				INFOPLIST_KEY_UILaunchScreen_Generation = YES;
				INFOPLIST_KEY_UISupportedInterfaceOrientations = "UIInterfaceOrientationPortrait UIInterfaceOrientationPortraitUpsideDown UIInterfaceOrientationLandscapeLeft UIInterfaceOrientationLandscapeRight";
				IPHONEOS_DEPLOYMENT_TARGET = 26.1;
				LD_RUNPATH_SEARCH_PATHS = "$(inherited) @executable_path/Frameworks";
				MARKETING_VERSION = 0.1.0;
				PRODUCT_BUNDLE_IDENTIFIER = com.zaidsafa.pinbook.ios;
				PRODUCT_NAME = "$(TARGET_NAME)";
				SUPPORTED_PLATFORMS = "iphoneos iphonesimulator";
				SUPPORTS_MACCATALYST = NO;
				SWIFT_EMIT_LOC_STRINGS = YES;
				SWIFT_STRICT_CONCURRENCY = complete;
				SWIFT_VERSION = 6.0;
				TARGETED_DEVICE_FAMILY = "1,2";
			};
			name = Release;
		};
		C30000000000000000000001 /* Debug */ = {
			isa = XCBuildConfiguration;
			buildSettings = {
				BUNDLE_LOADER = "$(TEST_HOST)";
				GENERATE_INFOPLIST_FILE = YES;
				IPHONEOS_DEPLOYMENT_TARGET = 26.1;
				PRODUCT_BUNDLE_IDENTIFIER = com.zaidsafa.pinbook.ios.tests;
				PRODUCT_NAME = "$(TARGET_NAME)";
				SWIFT_STRICT_CONCURRENCY = complete;
				SWIFT_VERSION = 6.0;
				TEST_HOST = "$(BUILT_PRODUCTS_DIR)/Pinbook.app/$(BUNDLE_EXECUTABLE_FOLDER_PATH)/Pinbook";
			};
			name = Debug;
		};
		C30000000000000000000002 /* Release */ = {
			isa = XCBuildConfiguration;
			buildSettings = {
				BUNDLE_LOADER = "$(TEST_HOST)";
				GENERATE_INFOPLIST_FILE = YES;
				IPHONEOS_DEPLOYMENT_TARGET = 26.1;
				PRODUCT_BUNDLE_IDENTIFIER = com.zaidsafa.pinbook.ios.tests;
				PRODUCT_NAME = "$(TARGET_NAME)";
				SWIFT_STRICT_CONCURRENCY = complete;
				SWIFT_VERSION = 6.0;
				TEST_HOST = "$(BUILT_PRODUCTS_DIR)/Pinbook.app/$(BUNDLE_EXECUTABLE_FOLDER_PATH)/Pinbook";
			};
			name = Release;
		};
		C40000000000000000000001 /* Debug */ = {
			isa = XCBuildConfiguration;
			buildSettings = {
				GENERATE_INFOPLIST_FILE = YES;
				IPHONEOS_DEPLOYMENT_TARGET = 26.1;
				PRODUCT_BUNDLE_IDENTIFIER = com.zaidsafa.pinbook.ios.uitests;
				PRODUCT_NAME = "$(TARGET_NAME)";
				SWIFT_STRICT_CONCURRENCY = complete;
				SWIFT_VERSION = 6.0;
				TARGETED_DEVICE_FAMILY = "1,2";
				TEST_TARGET_NAME = Pinbook;
			};
			name = Debug;
		};
		C40000000000000000000002 /* Release */ = {
			isa = XCBuildConfiguration;
			buildSettings = {
				GENERATE_INFOPLIST_FILE = YES;
				IPHONEOS_DEPLOYMENT_TARGET = 26.1;
				PRODUCT_BUNDLE_IDENTIFIER = com.zaidsafa.pinbook.ios.uitests;
				PRODUCT_NAME = "$(TARGET_NAME)";
				SWIFT_STRICT_CONCURRENCY = complete;
				SWIFT_VERSION = 6.0;
				TARGETED_DEVICE_FAMILY = "1,2";
				TEST_TARGET_NAME = Pinbook;
			};
			name = Release;
		};
		C50000000000000000000001 /* Debug */ = {
			isa = XCBuildConfiguration;
			buildSettings = {
				APPLICATION_EXTENSION_API_ONLY = YES;
				CODE_SIGN_STYLE = Automatic;
				CURRENT_PROJECT_VERSION = 3;
				DEVELOPMENT_TEAM = F98S3VN5NL;
				GENERATE_INFOPLIST_FILE = NO;
				INFOPLIST_FILE = PinbookWidgets/Info.plist;
				IPHONEOS_DEPLOYMENT_TARGET = 26.1;
				LD_RUNPATH_SEARCH_PATHS = "$(inherited) @executable_path/Frameworks @executable_path/../../Frameworks";
				MARKETING_VERSION = 0.1.0;
				PRODUCT_BUNDLE_IDENTIFIER = com.zaidsafa.pinbook.ios.widgets;
				PRODUCT_NAME = "$(TARGET_NAME)";
				SKIP_INSTALL = YES;
				SUPPORTED_PLATFORMS = "iphoneos iphonesimulator";
				SWIFT_EMIT_LOC_STRINGS = YES;
				SWIFT_STRICT_CONCURRENCY = complete;
				SWIFT_VERSION = 6.0;
				TARGETED_DEVICE_FAMILY = "1,2";
			};
			name = Debug;
		};
		C50000000000000000000002 /* Release */ = {
			isa = XCBuildConfiguration;
			buildSettings = {
				APPLICATION_EXTENSION_API_ONLY = YES;
				CODE_SIGN_STYLE = Automatic;
				CURRENT_PROJECT_VERSION = 3;
				DEVELOPMENT_TEAM = F98S3VN5NL;
				GENERATE_INFOPLIST_FILE = NO;
				INFOPLIST_FILE = PinbookWidgets/Info.plist;
				IPHONEOS_DEPLOYMENT_TARGET = 26.1;
				LD_RUNPATH_SEARCH_PATHS = "$(inherited) @executable_path/Frameworks @executable_path/../../Frameworks";
				MARKETING_VERSION = 0.1.0;
				PRODUCT_BUNDLE_IDENTIFIER = com.zaidsafa.pinbook.ios.widgets;
				PRODUCT_NAME = "$(TARGET_NAME)";
				SKIP_INSTALL = YES;
				SUPPORTED_PLATFORMS = "iphoneos iphonesimulator";
				SWIFT_EMIT_LOC_STRINGS = YES;
				SWIFT_STRICT_CONCURRENCY = complete;
				SWIFT_VERSION = 6.0;
				TARGETED_DEVICE_FAMILY = "1,2";
			};
			name = Release;
		};
/* End XCBuildConfiguration section */

/* Begin XCConfigurationList section */
		L00000000000000000000001 /* Build configuration list for PBXProject "Pinbook" */ = {
			isa = XCConfigurationList;
			buildConfigurations = (
				C00000000000000000000001 /* Debug */,
				C00000000000000000000002 /* Release */,
			);
			defaultConfigurationIsVisible = 0;
			defaultConfigurationName = Release;
		};
		L10000000000000000000001 /* Build configuration list for PBXNativeTarget "Pinbook" */ = {
			isa = XCConfigurationList;
			buildConfigurations = (
				C10000000000000000000001 /* Debug */,
				C10000000000000000000002 /* Release */,
			);
			defaultConfigurationIsVisible = 0;
			defaultConfigurationName = Release;
		};
		L30000000000000000000001 /* Build configuration list for PBXNativeTarget "PinbookTests" */ = {
			isa = XCConfigurationList;
			buildConfigurations = (
				C30000000000000000000001 /* Debug */,
				C30000000000000000000002 /* Release */,
			);
			defaultConfigurationIsVisible = 0;
			defaultConfigurationName = Release;
		};
		L40000000000000000000001 /* Build configuration list for PBXNativeTarget "PinbookUITests" */ = {
			isa = XCConfigurationList;
			buildConfigurations = (
				C40000000000000000000001 /* Debug */,
				C40000000000000000000002 /* Release */,
			);
			defaultConfigurationIsVisible = 0;
			defaultConfigurationName = Release;
		};
		L50000000000000000000001 /* Build configuration list for PBXNativeTarget "PinbookWidgets" */ = {
			isa = XCConfigurationList;
			buildConfigurations = (
				C50000000000000000000001 /* Debug */,
				C50000000000000000000002 /* Release */,
			);
			defaultConfigurationIsVisible = 0;
			defaultConfigurationName = Release;
		};
/* End XCConfigurationList section */
	};
	rootObject = E00000000000000000000001 /* Project object */;
}
