// !$*UTF8*$!
{
	archiveVersion = 1;
	classes = {
	};
	objectVersion = 77;
	objects = {

/* Begin PBXBuildFile section */
		D10000000000000000000001 /* TeamDeviceRegistrationView.swift in Sources */ = {isa = PBXBuildFile; fileRef = E10000000000000000000001 /* TeamDeviceRegistrationView.swift */; };
		D10000000000000000000002 /* TeamInvitationWorkflowView.swift in Sources */ = {isa = PBXBuildFile; fileRef = E10000000000000000000002 /* TeamInvitationWorkflowView.swift */; };
		D20000000000000000000001 /* TeamDeviceRegistrationScreen.swift in Sources */ = {isa = PBXBuildFile; fileRef = E20000000000000000000001 /* TeamDeviceRegistrationScreen.swift */; };
		D20000000000000000000002 /* TeamInvitationWorkflow.swift in Sources */ = {isa = PBXBuildFile; fileRef = E20000000000000000000002 /* TeamInvitationWorkflow.swift */; };
		Z30000000000000000000001 /* TeamInvitationWorkflowTests.swift in Sources */ = {isa = PBXBuildFile; fileRef = E30000000000000000000001 /* TeamInvitationWorkflowTests.swift */; };
		C70000000000000000000002 /* TeamDeviceRequestWire.swift in Sources */ = {isa = PBXBuildFile; fileRef = C70000000000000000000001 /* TeamDeviceRequestWire.swift */; };
		C70000000000000000000004 /* TeamDeviceRequestWireTests.swift in Sources */ = {isa = PBXBuildFile; fileRef = C70000000000000000000003 /* TeamDeviceRequestWireTests.swift */; };
		C70000000000000000000006 /* TeamDeviceRequestHTTP.swift in Sources */ = {isa = PBXBuildFile; fileRef = C70000000000000000000005 /* TeamDeviceRequestHTTP.swift */; };
		C70000000000000000000008 /* TeamAudienceLookup.swift in Sources */ = {isa = PBXBuildFile; fileRef = C70000000000000000000007 /* TeamAudienceLookup.swift */; };
		C7000000000000000000000A /* TeamAudienceLookupTests.swift in Sources */ = {isa = PBXBuildFile; fileRef = C70000000000000000000009 /* TeamAudienceLookupTests.swift */; };
		C7000000000000000000000C /* TeamDeliveryCryptoPrimitives.swift in Sources */ = {isa = PBXBuildFile; fileRef = C7000000000000000000000B /* TeamDeliveryCryptoPrimitives.swift */; };
		C7000000000000000000000E /* TeamDeliveryCryptoPrimitivesTests.swift in Sources */ = {isa = PBXBuildFile; fileRef = C7000000000000000000000D /* TeamDeliveryCryptoPrimitivesTests.swift */; };
		C70000000000000000000010 /* TeamAgreementKeyCustody.swift in Sources */ = {isa = PBXBuildFile; fileRef = C7000000000000000000000F /* TeamAgreementKeyCustody.swift */; };
		C70000000000000000000012 /* TeamAgreementKeyCustodyTests.swift in Sources */ = {isa = PBXBuildFile; fileRef = C70000000000000000000011 /* TeamAgreementKeyCustodyTests.swift */; };
		C70000000000000000000014 /* TeamAgreementEnrollment.swift in Sources */ = {isa = PBXBuildFile; fileRef = C70000000000000000000013 /* TeamAgreementEnrollment.swift */; };
		C70000000000000000000016 /* TeamAgreementEnrollmentTests.swift in Sources */ = {isa = PBXBuildFile; fileRef = C70000000000000000000015 /* TeamAgreementEnrollmentTests.swift */; };
		C70000000000000000000018 /* TeamOutgoingStore.swift in Sources */ = {isa = PBXBuildFile; fileRef = C70000000000000000000017 /* TeamOutgoingStore.swift */; };
		C7000000000000000000001A /* TeamOutgoingStoreTests.swift in Sources */ = {isa = PBXBuildFile; fileRef = C70000000000000000000019 /* TeamOutgoingStoreTests.swift */; };
		C7000000000000000000001C /* TeamAgreementPossession.swift in Sources */ = {isa = PBXBuildFile; fileRef = C7000000000000000000001B /* TeamAgreementPossession.swift */; };
		C7000000000000000000001E /* TeamAgreementPossessionTests.swift in Sources */ = {isa = PBXBuildFile; fileRef = C7000000000000000000001D /* TeamAgreementPossessionTests.swift */; };
		C80000000000000000000002 /* TeamDeliveryJWE.swift in Sources */ = {isa = PBXBuildFile; fileRef = C80000000000000000000001 /* TeamDeliveryJWE.swift */; };
		C80000000000000000000004 /* TeamDeliveryJWETests.swift in Sources */ = {isa = PBXBuildFile; fileRef = C80000000000000000000003 /* TeamDeliveryJWETests.swift */; };
		C80000000000000000000006 /* TeamDeliveryPayload.swift in Sources */ = {isa = PBXBuildFile; fileRef = C80000000000000000000005 /* TeamDeliveryPayload.swift */; };
		C80000000000000000000008 /* TeamDeliveryPayloadTests.swift in Sources */ = {isa = PBXBuildFile; fileRef = C80000000000000000000007 /* TeamDeliveryPayloadTests.swift */; };
		C8000000000000000000000A /* TeamDeliverySubmitIntent.swift in Sources */ = {isa = PBXBuildFile; fileRef = C80000000000000000000009 /* TeamDeliverySubmitIntent.swift */; };
		C8000000000000000000000C /* TeamDeliverySubmitIntentTests.swift in Sources */ = {isa = PBXBuildFile; fileRef = C8000000000000000000000B /* TeamDeliverySubmitIntentTests.swift */; };
		C8000000000000000000000E /* TeamDeliveryJournalEvent.swift in Sources */ = {isa = PBXBuildFile; fileRef = C8000000000000000000000D /* TeamDeliveryJournalEvent.swift */; };
		C80000000000000000000010 /* TeamDeliveryJournalEventTests.swift in Sources */ = {isa = PBXBuildFile; fileRef = C8000000000000000000000F /* TeamDeliveryJournalEventTests.swift */; };
		C90000000000000000000002 /* BackupTransportTests.swift in Sources */ = {isa = PBXBuildFile; fileRef = C90000000000000000000001 /* BackupTransportTests.swift */; };
		C90000000000000000000004 /* PersonalCloudUpload.swift in Sources */ = {isa = PBXBuildFile; fileRef = C90000000000000000000003 /* PersonalCloudUpload.swift */; };
		C90000000000000000000006 /* GoogleDriveBackupTransportTests.swift in Sources */ = {isa = PBXBuildFile; fileRef = C90000000000000000000005 /* GoogleDriveBackupTransportTests.swift */; };
		C90000000000000000000008 /* GoogleDriveBackupTransport.swift in Sources */ = {isa = PBXBuildFile; fileRef = C90000000000000000000007 /* GoogleDriveBackupTransport.swift */; };
		CA0000000000000000000002 /* PersonalGoogleDriveOAuth.swift in Sources */ = {isa = PBXBuildFile; fileRef = CA0000000000000000000001 /* PersonalGoogleDriveOAuth.swift */; };
		CA0000000000000000000004 /* PersonalGoogleDriveOAuthTests.swift in Sources */ = {isa = PBXBuildFile; fileRef = CA0000000000000000000003 /* PersonalGoogleDriveOAuthTests.swift */; };
		CB0000000000000000000002 /* PersonalGoogleDriveCredentialStore.swift in Sources */ = {isa = PBXBuildFile; fileRef = CB0000000000000000000001 /* PersonalGoogleDriveCredentialStore.swift */; };
		CB0000000000000000000004 /* PersonalGoogleDriveCredentialStoreTests.swift in Sources */ = {isa = PBXBuildFile; fileRef = CB0000000000000000000003 /* PersonalGoogleDriveCredentialStoreTests.swift */; };
		CD0000000000000000000002 /* PersonalGoogleDriveRevocation.swift in Sources */ = {isa = PBXBuildFile; fileRef = CD0000000000000000000001 /* PersonalGoogleDriveRevocation.swift */; };
		CD0000000000000000000004 /* PersonalGoogleDriveRevocationTests.swift in Sources */ = {isa = PBXBuildFile; fileRef = CD0000000000000000000003 /* PersonalGoogleDriveRevocationTests.swift */; };
		CE0000000000000000000002 /* PersonalGoogleDriveAuthorizer.swift in Sources */ = {isa = PBXBuildFile; fileRef = CE0000000000000000000001 /* PersonalGoogleDriveAuthorizer.swift */; };
		CE0000000000000000000004 /* PersonalGoogleDriveAuthorizerTests.swift in Sources */ = {isa = PBXBuildFile; fileRef = CE0000000000000000000003 /* PersonalGoogleDriveAuthorizerTests.swift */; };
		CF0000000000000000000002 /* PersonalGoogleDriveConnection.swift in Sources */ = {isa = PBXBuildFile; fileRef = CF0000000000000000000001 /* PersonalGoogleDriveConnection.swift */; };
		CF0000000000000000000004 /* PersonalGoogleDriveConnectionTests.swift in Sources */ = {isa = PBXBuildFile; fileRef = CF0000000000000000000003 /* PersonalGoogleDriveConnectionTests.swift */; };
		D60000000000000000000002 /* PersonalGoogleDriveAccess.swift in Sources */ = {isa = PBXBuildFile; fileRef = D60000000000000000000001 /* PersonalGoogleDriveAccess.swift */; };
		D60000000000000000000004 /* PersonalGoogleDriveAccessTests.swift in Sources */ = {isa = PBXBuildFile; fileRef = D60000000000000000000003 /* PersonalGoogleDriveAccessTests.swift */; };
		D60000000000000000000006 /* PersonalGoogleDriveRuntime.swift in Sources */ = {isa = PBXBuildFile; fileRef = D60000000000000000000005 /* PersonalGoogleDriveRuntime.swift */; };
		D60000000000000000000008 /* DriveSync.xcstrings in Resources */ = {isa = PBXBuildFile; fileRef = D60000000000000000000007 /* DriveSync.xcstrings */; };
		D70000000000000000000002 /* PersonalCloudSync.swift in Sources */ = {isa = PBXBuildFile; fileRef = D70000000000000000000001 /* PersonalCloudSync.swift */; };
		D70000000000000000000004 /* PersonalCloudSyncTests.swift in Sources */ = {isa = PBXBuildFile; fileRef = D70000000000000000000003 /* PersonalCloudSyncTests.swift */; };
		B10000000000000000000015 /* TeamMembershipView.swift in Sources */ = {isa = PBXBuildFile; fileRef = A10000000000000000000015 /* TeamMembershipView.swift */; };
		B10000000000000000000016 /* TeamInvitationAccountView.swift in Sources */ = {isa = PBXBuildFile; fileRef = A10000000000000000000016 /* TeamInvitationAccountView.swift */; };
		B2000000000000000000001B /* TeamMembershipScreen.swift in Sources */ = {isa = PBXBuildFile; fileRef = A2000000000000000000001B /* TeamMembershipScreen.swift */; };
		B2000000000000000000001C /* TeamInvitationAccountScreen.swift in Sources */ = {isa = PBXBuildFile; fileRef = A2000000000000000000001C /* TeamInvitationAccountScreen.swift */; };
		B2000000000000000000001D /* TeamInvitationDeviceFlow.swift in Sources */ = {isa = PBXBuildFile; fileRef = A2000000000000000000001D /* TeamInvitationDeviceFlow.swift */; };
		B30000000000000000000015 /* TeamInvitationAccountScreenTests.swift in Sources */ = {isa = PBXBuildFile; fileRef = A30000000000000000000015 /* TeamInvitationAccountScreenTests.swift */; };
		B30000000000000000000014 /* TeamMembershipScreenTests.swift in Sources */ = {isa = PBXBuildFile; fileRef = A30000000000000000000014 /* TeamMembershipScreenTests.swift */; };
		B2000000000000000000001A /* TeamMembershipJoin.swift in Sources */ = {isa = PBXBuildFile; fileRef = A2000000000000000000001A /* TeamMembershipJoin.swift */; };
		B30000000000000000000013 /* TeamMembershipJoinTests.swift in Sources */ = {isa = PBXBuildFile; fileRef = A30000000000000000000013 /* TeamMembershipJoinTests.swift */; };
		B20000000000000000000019 /* TeamJoinStore.swift in Sources */ = {isa = PBXBuildFile; fileRef = A20000000000000000000019 /* TeamJoinStore.swift */; };
		B30000000000000000000012 /* TeamJoinStoreTests.swift in Sources */ = {isa = PBXBuildFile; fileRef = A30000000000000000000012 /* TeamJoinStoreTests.swift */; };
		B20000000000000000000018 /* TeamInvitedSignIn.swift in Sources */ = {isa = PBXBuildFile; fileRef = A20000000000000000000018 /* TeamInvitedSignIn.swift */; };
		B30000000000000000000011 /* TeamInvitedSignInTests.swift in Sources */ = {isa = PBXBuildFile; fileRef = A30000000000000000000011 /* TeamInvitedSignInTests.swift */; };
		B20000000000000000000017 /* TeamDeviceRegistration.swift in Sources */ = {isa = PBXBuildFile; fileRef = A20000000000000000000017 /* TeamDeviceRegistration.swift */; };
		B30000000000000000000010 /* TeamDeviceRegistrationTests.swift in Sources */ = {isa = PBXBuildFile; fileRef = A30000000000000000000010 /* TeamDeviceRegistrationTests.swift */; };
		B20000000000000000000016 /* TeamDeviceCustody.swift in Sources */ = {isa = PBXBuildFile; fileRef = A20000000000000000000016 /* TeamDeviceCustody.swift */; };
		B3000000000000000000000F /* TeamDeviceCustodyTests.swift in Sources */ = {isa = PBXBuildFile; fileRef = A3000000000000000000000F /* TeamDeviceCustodyTests.swift */; };
		B20000000000000000000014 /* TeamStrictJSON.swift in Sources */ = {isa = PBXBuildFile; fileRef = A20000000000000000000014 /* TeamStrictJSON.swift */; };
		B20000000000000000000015 /* TeamOnboardingHTTP.swift in Sources */ = {isa = PBXBuildFile; fileRef = A20000000000000000000015 /* TeamOnboardingHTTP.swift */; };
		B3000000000000000000000E /* TeamStrictJSONTests.swift in Sources */ = {isa = PBXBuildFile; fileRef = A3000000000000000000000E /* TeamStrictJSONTests.swift */; };
		B60000000000000000000001 /* AppAuth in Frameworks */ = {isa = PBXBuildFile; productRef = U60000000000000000000001 /* AppAuth */; };
		B60000000000000000000002 /* AppAuth in Frameworks */ = {isa = PBXBuildFile; productRef = U60000000000000000000002 /* AppAuth */; };
		B10000000000000000000001 /* PinbookApp.swift in Sources */ = {isa = PBXBuildFile; fileRef = A10000000000000000000001 /* PinbookApp.swift */; };
		B10000000000000000000002 /* PersistenceModels.swift in Sources */ = {isa = PBXBuildFile; fileRef = A10000000000000000000002 /* PersistenceModels.swift */; };
		B10000000000000000000003 /* PinbookTheme.swift in Sources */ = {isa = PBXBuildFile; fileRef = A10000000000000000000003 /* PinbookTheme.swift */; };
		B10000000000000000000004 /* AppShellView.swift in Sources */ = {isa = PBXBuildFile; fileRef = A10000000000000000000004 /* AppShellView.swift */; };
		B10000000000000000000005 /* ExpenseViews.swift in Sources */ = {isa = PBXBuildFile; fileRef = A10000000000000000000005 /* ExpenseViews.swift */; };
		B10000000000000000000006 /* ExpenseEditorView.swift in Sources */ = {isa = PBXBuildFile; fileRef = A10000000000000000000006 /* ExpenseEditorView.swift */; };
		B10000000000000000000007 /* SummaryAndNotedViews.swift in Sources */ = {isa = PBXBuildFile; fileRef = A10000000000000000000007 /* SummaryAndNotedViews.swift */; };
		B10000000000000000000008 /* OptionsView.swift in Sources */ = {isa = PBXBuildFile; fileRef = A10000000000000000000008 /* OptionsView.swift */; };
		B10000000000000000000009 /* Localizable.xcstrings in Resources */ = {isa = PBXBuildFile; fileRef = A10000000000000000000009 /* Localizable.xcstrings */; };
		B1000000000000000000000A /* LaunchConfiguration.swift in Sources */ = {isa = PBXBuildFile; fileRef = A1000000000000000000000A /* LaunchConfiguration.swift */; };
		B1000000000000000000000B /* TemplatesAndQuickAddViews.swift in Sources */ = {isa = PBXBuildFile; fileRef = A1000000000000000000000B /* TemplatesAndQuickAddViews.swift */; };
		B1000000000000000000000C /* ReceiptFileStore.swift in Sources */ = {isa = PBXBuildFile; fileRef = A1000000000000000000000C /* ReceiptFileStore.swift */; };
		B1000000000000000000000D /* ReceiptViews.swift in Sources */ = {isa = PBXBuildFile; fileRef = A1000000000000000000000D /* ReceiptViews.swift */; };
		B1000000000000000000000E /* StatementAndReminderServices.swift in Sources */ = {isa = PBXBuildFile; fileRef = A1000000000000000000000E /* StatementAndReminderServices.swift */; };
		B1000000000000000000000F /* StatementAndReminderViews.swift in Sources */ = {isa = PBXBuildFile; fileRef = A1000000000000000000000F /* StatementAndReminderViews.swift */; };
		B10000000000000000000010 /* BackupRecoveryService.swift in Sources */ = {isa = PBXBuildFile; fileRef = A10000000000000000000010 /* BackupRecoveryService.swift */; };
		B10000000000000000000011 /* BackupRecoveryView.swift in Sources */ = {isa = PBXBuildFile; fileRef = A10000000000000000000011 /* BackupRecoveryView.swift */; };
		B10000000000000000000012 /* OnboardingView.swift in Sources */ = {isa = PBXBuildFile; fileRef = A10000000000000000000012 /* OnboardingView.swift */; };
		B10000000000000000000013 /* Assets.xcassets in Resources */ = {isa = PBXBuildFile; fileRef = A10000000000000000000013 /* Assets.xcassets */; };
		B10000000000000000000014 /* PrivacyInfo.xcprivacy in Resources */ = {isa = PBXBuildFile; fileRef = A10000000000000000000014 /* PrivacyInfo.xcprivacy */; };
		B20000000000000000000001 /* Records.swift in Sources */ = {isa = PBXBuildFile; fileRef = A20000000000000000000001 /* Records.swift */; };
		B20000000000000000000002 /* Backup.swift in Sources */ = {isa = PBXBuildFile; fileRef = A20000000000000000000002 /* Backup.swift */; };
		B20000000000000000000003 /* Money.swift in Sources */ = {isa = PBXBuildFile; fileRef = A20000000000000000000003 /* Money.swift */; };
		B20000000000000000000004 /* Merge.swift in Sources */ = {isa = PBXBuildFile; fileRef = A20000000000000000000004 /* Merge.swift */; };
		B20000000000000000000005 /* ServicePorts.swift in Sources */ = {isa = PBXBuildFile; fileRef = A20000000000000000000005 /* ServicePorts.swift */; };
		B20000000000000000000006 /* BackupRecovery.swift in Sources */ = {isa = PBXBuildFile; fileRef = A20000000000000000000006 /* BackupRecovery.swift */; };
		B20000000000000000000007 /* TeamDelivery.swift in Sources */ = {isa = PBXBuildFile; fileRef = A20000000000000000000007 /* TeamDelivery.swift */; };
		B20000000000000000000008 /* TeamInbox.swift in Sources */ = {isa = PBXBuildFile; fileRef = A20000000000000000000008 /* TeamInbox.swift */; };
		B20000000000000000000009 /* TeamPortableArchive.swift in Sources */ = {isa = PBXBuildFile; fileRef = A20000000000000000000009 /* TeamPortableArchive.swift */; };
		B2000000000000000000000A /* TeamNativeSignIn.swift in Sources */ = {isa = PBXBuildFile; fileRef = A2000000000000000000000A /* TeamNativeSignIn.swift */; };
		B2000000000000000000000B /* TeamAuthHTTP.swift in Sources */ = {isa = PBXBuildFile; fileRef = A2000000000000000000000B /* TeamAuthHTTP.swift */; };
		B2000000000000000000000C /* TeamAccountSessionStore.swift in Sources */ = {isa = PBXBuildFile; fileRef = A2000000000000000000000C /* TeamAccountSessionStore.swift */; };
		B2000000000000000000000D /* TeamAccountRefreshManager.swift in Sources */ = {isa = PBXBuildFile; fileRef = A2000000000000000000000D /* TeamAccountRefreshManager.swift */; };
		B2000000000000000000000E /* TeamAccountSignInCoordinator.swift in Sources */ = {isa = PBXBuildFile; fileRef = A2000000000000000000000E /* TeamAccountSignInCoordinator.swift */; };
		B2000000000000000000000F /* TeamAppleIdentityAuthorizer.swift in Sources */ = {isa = PBXBuildFile; fileRef = A2000000000000000000000F /* TeamAppleIdentityAuthorizer.swift */; };
		B20000000000000000000010 /* TeamDeviceEnrollmentWire.swift in Sources */ = {isa = PBXBuildFile; fileRef = A20000000000000000000010 /* TeamDeviceEnrollmentWire.swift */; };
		B20000000000000000000011 /* TeamGoogleTokenClient.swift in Sources */ = {isa = PBXBuildFile; fileRef = A20000000000000000000011 /* TeamGoogleTokenClient.swift */; };
		B20000000000000000000012 /* TeamGoogleIdentityAuthorizer.swift in Sources */ = {isa = PBXBuildFile; fileRef = A20000000000000000000012 /* TeamGoogleIdentityAuthorizer.swift */; };
		B20000000000000000000013 /* TeamGoogleOAuthRequest.swift in Sources */ = {isa = PBXBuildFile; fileRef = A20000000000000000000013 /* TeamGoogleOAuthRequest.swift */; };
		B3000000000000000000000C /* TeamGoogleIdentityAuthorizerTests.swift in Sources */ = {isa = PBXBuildFile; fileRef = A3000000000000000000000C /* TeamGoogleIdentityAuthorizerTests.swift */; };
		B3000000000000000000000D /* TeamGoogleOAuthRequestTests.swift in Sources */ = {isa = PBXBuildFile; fileRef = A3000000000000000000000D /* TeamGoogleOAuthRequestTests.swift */; };
		B30000000000000000000009 /* TeamAccountSignInCoordinatorTests.swift in Sources */ = {isa = PBXBuildFile; fileRef = A30000000000000000000009 /* TeamAccountSignInCoordinatorTests.swift */; };
		B3000000000000000000000A /* TeamAppleIdentityAuthorizerTests.swift in Sources */ = {isa = PBXBuildFile; fileRef = A3000000000000000000000A /* TeamAppleIdentityAuthorizerTests.swift */; };
		B3000000000000000000000B /* TeamDeviceEnrollmentWireTests.swift in Sources */ = {isa = PBXBuildFile; fileRef = A3000000000000000000000B /* TeamDeviceEnrollmentWireTests.swift */; };
		B30000000000000000000008 /* TeamAccountRefreshManagerTests.swift in Sources */ = {isa = PBXBuildFile; fileRef = A30000000000000000000008 /* TeamAccountRefreshManagerTests.swift */; };
		B30000000000000000000007 /* TeamAccountSessionStoreTests.swift in Sources */ = {isa = PBXBuildFile; fileRef = A30000000000000000000007 /* TeamAccountSessionStoreTests.swift */; };
		B30000000000000000000006 /* TeamAuthHTTPTests.swift in Sources */ = {isa = PBXBuildFile; fileRef = A30000000000000000000006 /* TeamAuthHTTPTests.swift */; };
		B30000000000000000000005 /* TeamNativeSignInTests.swift in Sources */ = {isa = PBXBuildFile; fileRef = A30000000000000000000005 /* TeamNativeSignInTests.swift */; };
		B30000000000000000000004 /* TeamPortableArchiveTests.swift in Sources */ = {isa = PBXBuildFile; fileRef = A30000000000000000000004 /* TeamPortableArchiveTests.swift */; };
		B30000000000000000000002 /* TeamDeliveryTests.swift in Sources */ = {isa = PBXBuildFile; fileRef = A30000000000000000000002 /* TeamDeliveryTests.swift */; };
		B30000000000000000000003 /* Fixtures in Resources */ = {isa = PBXBuildFile; fileRef = A30000000000000000000003 /* Fixtures */; };
		B30000000000000000000001 /* PinbookTests.swift in Sources */ = {isa = PBXBuildFile; fileRef = A30000000000000000000001 /* PinbookTests.swift */; };
		B40000000000000000000001 /* PinbookUITests.swift in Sources */ = {isa = PBXBuildFile; fileRef = A40000000000000000000001 /* PinbookUITests.swift */; };
		B50000000000000000000001 /* PinbookWidgets.swift in Sources */ = {isa = PBXBuildFile; fileRef = A50000000000000000000001 /* PinbookWidgets.swift */; };
		B50000000000000000000002 /* Localizable.xcstrings in Resources */ = {isa = PBXBuildFile; fileRef = A10000000000000000000009 /* Localizable.xcstrings */; };
		B50000000000000000000003 /* PinbookWidgets.appex in Embed Foundation Extensions */ = {isa = PBXBuildFile; fileRef = P50000000000000000000001 /* PinbookWidgets.appex */; settings = {ATTRIBUTES = (RemoveHeadersOnCopy, ); }; };
/* End PBXBuildFile section */

/* Begin PBXContainerItemProxy section */
		D30000000000000000000001 /* PBXContainerItemProxy */ = {
			isa = PBXContainerItemProxy;
			containerPortal = E00000000000000000000001 /* Project object */;
			proxyType = 1;
			remoteGlobalIDString = T10000000000000000000001;
			remoteInfo = Pinbook;
		};
		D40000000000000000000001 /* PBXContainerItemProxy */ = {
			isa = PBXContainerItemProxy;
			containerPortal = E00000000000000000000001 /* Project object */;
			proxyType = 1;
			remoteGlobalIDString = T10000000000000000000001;
			remoteInfo = Pinbook;
		};
		D50000000000000000000001 /* PBXContainerItemProxy */ = {
			isa = PBXContainerItemProxy;
			containerPortal = E00000000000000000000001 /* Project object */;
			proxyType = 1;
			remoteGlobalIDString = T50000000000000000000001;
			remoteInfo = PinbookWidgets;
		};
/* End PBXContainerItemProxy section */

/* Begin PBXCopyFilesBuildPhase section */
		X10000000000000000000001 /* Embed Foundation Extensions */ = {
			isa = PBXCopyFilesBuildPhase;
			buildActionMask = 2147483647;
			dstPath = "";
			dstSubfolderSpec = 13;
			files = (
				B50000000000000000000003 /* PinbookWidgets.appex in Embed Foundation Extensions */,
			);
			name = "Embed Foundation Extensions";
			runOnlyForDeploymentPostprocessing = 0;
		};
/* End PBXCopyFilesBuildPhase section */

/* Begin PBXFileReference section */
		E10000000000000000000001 /* TeamDeviceRegistrationView.swift */ = {isa = PBXFileReference; lastKnownFileType = sourcecode.swift; path = TeamDeviceRegistrationView.swift; sourceTree = "<group>"; };
		E10000000000000000000002 /* TeamInvitationWorkflowView.swift */ = {isa = PBXFileReference; lastKnownFileType = sourcecode.swift; path = TeamInvitationWorkflowView.swift; sourceTree = "<group>"; };
		E20000000000000000000001 /* TeamDeviceRegistrationScreen.swift */ = {isa = PBXFileReference; lastKnownFileType = sourcecode.swift; path = TeamDeviceRegistrationScreen.swift; sourceTree = "<group>"; };
		E20000000000000000000002 /* TeamInvitationWorkflow.swift */ = {isa = PBXFileReference; lastKnownFileType = sourcecode.swift; path = TeamInvitationWorkflow.swift; sourceTree = "<group>"; };
		E30000000000000000000001 /* TeamInvitationWorkflowTests.swift */ = {isa = PBXFileReference; lastKnownFileType = sourcecode.swift; path = ../Tests/PinbookCoreTests/TeamInvitationWorkflowTests.swift; sourceTree = "<group>"; };
		C70000000000000000000001 /* TeamDeviceRequestWire.swift */ = {isa = PBXFileReference; lastKnownFileType = sourcecode.swift; path = TeamDeviceRequestWire.swift; sourceTree = "<group>"; };
		C70000000000000000000003 /* TeamDeviceRequestWireTests.swift */ = {isa = PBXFileReference; lastKnownFileType = sourcecode.swift; path = ../Tests/PinbookCoreTests/TeamDeviceRequestWireTests.swift; sourceTree = "<group>"; };
		C70000000000000000000005 /* TeamDeviceRequestHTTP.swift */ = {isa = PBXFileReference; lastKnownFileType = sourcecode.swift; path = TeamDeviceRequestHTTP.swift; sourceTree = "<group>"; };
		C70000000000000000000007 /* TeamAudienceLookup.swift */ = {isa = PBXFileReference; lastKnownFileType = sourcecode.swift; path = TeamAudienceLookup.swift; sourceTree = "<group>"; };
		C70000000000000000000009 /* TeamAudienceLookupTests.swift */ = {isa = PBXFileReference; lastKnownFileType = sourcecode.swift; path = ../Tests/PinbookCoreTests/TeamAudienceLookupTests.swift; sourceTree = "<group>"; };
		C7000000000000000000000B /* TeamDeliveryCryptoPrimitives.swift */ = {isa = PBXFileReference; lastKnownFileType = sourcecode.swift; path = TeamDeliveryCryptoPrimitives.swift; sourceTree = "<group>"; };
		C7000000000000000000000D /* TeamDeliveryCryptoPrimitivesTests.swift */ = {isa = PBXFileReference; lastKnownFileType = sourcecode.swift; path = ../Tests/PinbookCoreTests/TeamDeliveryCryptoPrimitivesTests.swift; sourceTree = "<group>"; };
		C7000000000000000000000F /* TeamAgreementKeyCustody.swift */ = {isa = PBXFileReference; lastKnownFileType = sourcecode.swift; path = TeamAgreementKeyCustody.swift; sourceTree = "<group>"; };
		C70000000000000000000011 /* TeamAgreementKeyCustodyTests.swift */ = {isa = PBXFileReference; lastKnownFileType = sourcecode.swift; path = ../Tests/PinbookCoreTests/TeamAgreementKeyCustodyTests.swift; sourceTree = "<group>"; };
		C70000000000000000000013 /* TeamAgreementEnrollment.swift */ = {isa = PBXFileReference; lastKnownFileType = sourcecode.swift; path = TeamAgreementEnrollment.swift; sourceTree = "<group>"; };
		C70000000000000000000015 /* TeamAgreementEnrollmentTests.swift */ = {isa = PBXFileReference; lastKnownFileType = sourcecode.swift; path = ../Tests/PinbookCoreTests/TeamAgreementEnrollmentTests.swift; sourceTree = "<group>"; };
		C70000000000000000000017 /* TeamOutgoingStore.swift */ = {isa = PBXFileReference; lastKnownFileType = sourcecode.swift; path = TeamOutgoingStore.swift; sourceTree = "<group>"; };
		C70000000000000000000019 /* TeamOutgoingStoreTests.swift */ = {isa = PBXFileReference; lastKnownFileType = sourcecode.swift; path = ../Tests/PinbookCoreTests/TeamOutgoingStoreTests.swift; sourceTree = "<group>"; };
		C7000000000000000000001B /* TeamAgreementPossession.swift */ = {isa = PBXFileReference; lastKnownFileType = sourcecode.swift; path = TeamAgreementPossession.swift; sourceTree = "<group>"; };
		C7000000000000000000001D /* TeamAgreementPossessionTests.swift */ = {isa = PBXFileReference; lastKnownFileType = sourcecode.swift; path = ../Tests/PinbookCoreTests/TeamAgreementPossessionTests.swift; sourceTree = "<group>"; };
		C80000000000000000000001 /* TeamDeliveryJWE.swift */ = {isa = PBXFileReference; lastKnownFileType = sourcecode.swift; path = TeamDeliveryJWE.swift; sourceTree = "<group>"; };
		C80000000000000000000003 /* TeamDeliveryJWETests.swift */ = {isa = PBXFileReference; lastKnownFileType = sourcecode.swift; path = ../Tests/PinbookCoreTests/TeamDeliveryJWETests.swift; sourceTree = "<group>"; };
		C80000000000000000000005 /* TeamDeliveryPayload.swift */ = {isa = PBXFileReference; lastKnownFileType = sourcecode.swift; path = TeamDeliveryPayload.swift; sourceTree = "<group>"; };
		C80000000000000000000007 /* TeamDeliveryPayloadTests.swift */ = {isa = PBXFileReference; lastKnownFileType = sourcecode.swift; path = ../Tests/PinbookCoreTests/TeamDeliveryPayloadTests.swift; sourceTree = "<group>"; };
		C80000000000000000000009 /* TeamDeliverySubmitIntent.swift */ = {isa = PBXFileReference; lastKnownFileType = sourcecode.swift; path = TeamDeliverySubmitIntent.swift; sourceTree = "<group>"; };
		C8000000000000000000000B /* TeamDeliverySubmitIntentTests.swift */ = {isa = PBXFileReference; lastKnownFileType = sourcecode.swift; path = ../Tests/PinbookCoreTests/TeamDeliverySubmitIntentTests.swift; sourceTree = "<group>"; };
		C8000000000000000000000D /* TeamDeliveryJournalEvent.swift */ = {isa = PBXFileReference; lastKnownFileType = sourcecode.swift; path = TeamDeliveryJournalEvent.swift; sourceTree = "<group>"; };
		C8000000000000000000000F /* TeamDeliveryJournalEventTests.swift */ = {isa = PBXFileReference; lastKnownFileType = sourcecode.swift; path = ../Tests/PinbookCoreTests/TeamDeliveryJournalEventTests.swift; sourceTree = "<group>"; };
		C90000000000000000000001 /* BackupTransportTests.swift */ = {isa = PBXFileReference; lastKnownFileType = sourcecode.swift; path = ../Tests/PinbookCoreTests/BackupTransportTests.swift; sourceTree = "<group>"; };
		C90000000000000000000003 /* PersonalCloudUpload.swift */ = {isa = PBXFileReference; lastKnownFileType = sourcecode.swift; path = PersonalCloudUpload.swift; sourceTree = "<group>"; };
		C90000000000000000000005 /* GoogleDriveBackupTransportTests.swift */ = {isa = PBXFileReference; lastKnownFileType = sourcecode.swift; path = ../Tests/PinbookCoreTests/GoogleDriveBackupTransportTests.swift; sourceTree = "<group>"; };
		C90000000000000000000007 /* GoogleDriveBackupTransport.swift */ = {isa = PBXFileReference; lastKnownFileType = sourcecode.swift; path = GoogleDriveBackupTransport.swift; sourceTree = "<group>"; };
		CA0000000000000000000001 /* PersonalGoogleDriveOAuth.swift */ = {isa = PBXFileReference; lastKnownFileType = sourcecode.swift; path = PersonalGoogleDriveOAuth.swift; sourceTree = "<group>"; };
		CA0000000000000000000003 /* PersonalGoogleDriveOAuthTests.swift */ = {isa = PBXFileReference; lastKnownFileType = sourcecode.swift; path = ../Tests/PinbookCoreTests/PersonalGoogleDriveOAuthTests.swift; sourceTree = "<group>"; };
		CB0000000000000000000001 /* PersonalGoogleDriveCredentialStore.swift */ = {isa = PBXFileReference; lastKnownFileType = sourcecode.swift; path = PersonalGoogleDriveCredentialStore.swift; sourceTree = "<group>"; };
		CB0000000000000000000003 /* PersonalGoogleDriveCredentialStoreTests.swift */ = {isa = PBXFileReference; lastKnownFileType = sourcecode.swift; path = ../Tests/PinbookCoreTests/PersonalGoogleDriveCredentialStoreTests.swift; sourceTree = "<group>"; };
		CD0000000000000000000001 /* PersonalGoogleDriveRevocation.swift */ = {isa = PBXFileReference; lastKnownFileType = sourcecode.swift; path = PersonalGoogleDriveRevocation.swift; sourceTree = "<group>"; };
		CD0000000000000000000003 /* PersonalGoogleDriveRevocationTests.swift */ = {isa = PBXFileReference; lastKnownFileType = sourcecode.swift; path = ../Tests/PinbookCoreTests/PersonalGoogleDriveRevocationTests.swift; sourceTree = "<group>"; };
		CE0000000000000000000001 /* PersonalGoogleDriveAuthorizer.swift */ = {isa = PBXFileReference; lastKnownFileType = sourcecode.swift; path = PersonalGoogleDriveAuthorizer.swift; sourceTree = "<group>"; };
		CE0000000000000000000003 /* PersonalGoogleDriveAuthorizerTests.swift */ = {isa = PBXFileReference; lastKnownFileType = sourcecode.swift; path = ../Tests/PinbookCoreTests/PersonalGoogleDriveAuthorizerTests.swift; sourceTree = "<group>"; };
		CF0000000000000000000001 /* PersonalGoogleDriveConnection.swift */ = {isa = PBXFileReference; lastKnownFileType = sourcecode.swift; path = PersonalGoogleDriveConnection.swift; sourceTree = "<group>"; };
		CF0000000000000000000003 /* PersonalGoogleDriveConnectionTests.swift */ = {isa = PBXFileReference; lastKnownFileType = sourcecode.swift; path = ../Tests/PinbookCoreTests/PersonalGoogleDriveConnectionTests.swift; sourceTree = "<group>"; };
		D60000000000000000000001 /* PersonalGoogleDriveAccess.swift */ = {isa = PBXFileReference; lastKnownFileType = sourcecode.swift; path = PersonalGoogleDriveAccess.swift; sourceTree = "<group>"; };
		D60000000000000000000003 /* PersonalGoogleDriveAccessTests.swift */ = {isa = PBXFileReference; lastKnownFileType = sourcecode.swift; path = ../Tests/PinbookCoreTests/PersonalGoogleDriveAccessTests.swift; sourceTree = "<group>"; };
		D60000000000000000000005 /* PersonalGoogleDriveRuntime.swift */ = {isa = PBXFileReference; lastKnownFileType = sourcecode.swift; path = PersonalGoogleDriveRuntime.swift; sourceTree = "<group>"; };
		D60000000000000000000007 /* DriveSync.xcstrings */ = {isa = PBXFileReference; lastKnownFileType = text.json.xcstrings; path = DriveSync.xcstrings; sourceTree = "<group>"; };
		D70000000000000000000001 /* PersonalCloudSync.swift */ = {isa = PBXFileReference; lastKnownFileType = sourcecode.swift; path = PersonalCloudSync.swift; sourceTree = "<group>"; };
		D70000000000000000000003 /* PersonalCloudSyncTests.swift */ = {isa = PBXFileReference; lastKnownFileType = sourcecode.swift; path = ../Tests/PinbookCoreTests/PersonalCloudSyncTests.swift; sourceTree = "<group>"; };
		A10000000000000000000015 /* TeamMembershipView.swift */ = {isa = PBXFileReference; lastKnownFileType = sourcecode.swift; path = TeamMembershipView.swift; sourceTree = "<group>"; };
		A10000000000000000000016 /* TeamInvitationAccountView.swift */ = {isa = PBXFileReference; lastKnownFileType = sourcecode.swift; path = TeamInvitationAccountView.swift; sourceTree = "<group>"; };
		A2000000000000000000001B /* TeamMembershipScreen.swift */ = {isa = PBXFileReference; lastKnownFileType = sourcecode.swift; path = TeamMembershipScreen.swift; sourceTree = "<group>"; };
		A2000000000000000000001C /* TeamInvitationAccountScreen.swift */ = {isa = PBXFileReference; lastKnownFileType = sourcecode.swift; path = TeamInvitationAccountScreen.swift; sourceTree = "<group>"; };
		A2000000000000000000001D /* TeamInvitationDeviceFlow.swift */ = {isa = PBXFileReference; lastKnownFileType = sourcecode.swift; path = TeamInvitationDeviceFlow.swift; sourceTree = "<group>"; };
		A30000000000000000000015 /* TeamInvitationAccountScreenTests.swift */ = {isa = PBXFileReference; lastKnownFileType = sourcecode.swift; path = ../Tests/PinbookCoreTests/TeamInvitationAccountScreenTests.swift; sourceTree = "<group>"; };
		A30000000000000000000014 /* TeamMembershipScreenTests.swift */ = {isa = PBXFileReference; lastKnownFileType = sourcecode.swift; path = ../Tests/PinbookCoreTests/TeamMembershipScreenTests.swift; sourceTree = "<group>"; };
		A2000000000000000000001A /* TeamMembershipJoin.swift */ = {isa = PBXFileReference; lastKnownFileType = sourcecode.swift; path = TeamMembershipJoin.swift; sourceTree = "<group>"; };
		A30000000000000000000013 /* TeamMembershipJoinTests.swift */ = {isa = PBXFileReference; lastKnownFileType = sourcecode.swift; path = ../Tests/PinbookCoreTests/TeamMembershipJoinTests.swift; sourceTree = "<group>"; };
		A20000000000000000000019 /* TeamJoinStore.swift */ = {isa = PBXFileReference; lastKnownFileType = sourcecode.swift; path = TeamJoinStore.swift; sourceTree = "<group>"; };
		A30000000000000000000012 /* TeamJoinStoreTests.swift */ = {isa = PBXFileReference; lastKnownFileType = sourcecode.swift; path = ../Tests/PinbookCoreTests/TeamJoinStoreTests.swift; sourceTree = "<group>"; };
		A20000000000000000000018 /* TeamInvitedSignIn.swift */ = {isa = PBXFileReference; lastKnownFileType = sourcecode.swift; path = TeamInvitedSignIn.swift; sourceTree = "<group>"; };
		A30000000000000000000011 /* TeamInvitedSignInTests.swift */ = {isa = PBXFileReference; lastKnownFileType = sourcecode.swift; path = ../Tests/PinbookCoreTests/TeamInvitedSignInTests.swift; sourceTree = "<group>"; };
		A20000000000000000000017 /* TeamDeviceRegistration.swift */ = {isa = PBXFileReference; lastKnownFileType = sourcecode.swift; path = TeamDeviceRegistration.swift; sourceTree = "<group>"; };
		A30000000000000000000010 /* TeamDeviceRegistrationTests.swift */ = {isa = PBXFileReference; lastKnownFileType = sourcecode.swift; path = ../Tests/PinbookCoreTests/TeamDeviceRegistrationTests.swift; sourceTree = "<group>"; };
		A20000000000000000000016 /* TeamDeviceCustody.swift */ = {isa = PBXFileReference; lastKnownFileType = sourcecode.swift; path = TeamDeviceCustody.swift; sourceTree = "<group>"; };
		A3000000000000000000000F /* TeamDeviceCustodyTests.swift */ = {isa = PBXFileReference; lastKnownFileType = sourcecode.swift; path = ../Tests/PinbookCoreTests/TeamDeviceCustodyTests.swift; sourceTree = "<group>"; };
		A20000000000000000000014 /* TeamStrictJSON.swift */ = {isa = PBXFileReference; lastKnownFileType = sourcecode.swift; path = TeamStrictJSON.swift; sourceTree = "<group>"; };
		A20000000000000000000015 /* TeamOnboardingHTTP.swift */ = {isa = PBXFileReference; lastKnownFileType = sourcecode.swift; path = TeamOnboardingHTTP.swift; sourceTree = "<group>"; };
		A3000000000000000000000E /* TeamStrictJSONTests.swift */ = {isa = PBXFileReference; lastKnownFileType = sourcecode.swift; path = ../Tests/PinbookCoreTests/TeamStrictJSONTests.swift; sourceTree = "<group>"; };
		A10000000000000000000001 /* PinbookApp.swift */ = {isa = PBXFileReference; lastKnownFileType = sourcecode.swift; path = PinbookApp.swift; sourceTree = "<group>"; };
		A10000000000000000000002 /* PersistenceModels.swift */ = {isa = PBXFileReference; lastKnownFileType = sourcecode.swift; path = PersistenceModels.swift; sourceTree = "<group>"; };
		A10000000000000000000003 /* PinbookTheme.swift */ = {isa = PBXFileReference; lastKnownFileType = sourcecode.swift; path = PinbookTheme.swift; sourceTree = "<group>"; };
		A10000000000000000000004 /* AppShellView.swift */ = {isa = PBXFileReference; lastKnownFileType = sourcecode.swift; path = AppShellView.swift; sourceTree = "<group>"; };
		A10000000000000000000005 /* ExpenseViews.swift */ = {isa = PBXFileReference; lastKnownFileType = sourcecode.swift; path = ExpenseViews.swift; sourceTree = "<group>"; };
		A10000000000000000000006 /* ExpenseEditorView.swift */ = {isa = PBXFileReference; lastKnownFileType = sourcecode.swift; path = ExpenseEditorView.swift; sourceTree = "<group>"; };
		A10000000000000000000007 /* SummaryAndNotedViews.swift */ = {isa = PBXFileReference; lastKnownFileType = sourcecode.swift; path = SummaryAndNotedViews.swift; sourceTree = "<group>"; };
		A10000000000000000000008 /* OptionsView.swift */ = {isa = PBXFileReference; lastKnownFileType = sourcecode.swift; path = OptionsView.swift; sourceTree = "<group>"; };
		A10000000000000000000009 /* Localizable.xcstrings */ = {isa = PBXFileReference; lastKnownFileType = text.json.xcstrings; path = Localizable.xcstrings; sourceTree = "<group>"; };
		A1000000000000000000000A /* LaunchConfiguration.swift */ = {isa = PBXFileReference; lastKnownFileType = sourcecode.swift; path = LaunchConfiguration.swift; sourceTree = "<group>"; };
		A1000000000000000000000B /* TemplatesAndQuickAddViews.swift */ = {isa = PBXFileReference; lastKnownFileType = sourcecode.swift; path = TemplatesAndQuickAddViews.swift; sourceTree = "<group>"; };
		A1000000000000000000000C /* ReceiptFileStore.swift */ = {isa = PBXFileReference; lastKnownFileType = sourcecode.swift; path = ReceiptFileStore.swift; sourceTree = "<group>"; };
		A1000000000000000000000D /* ReceiptViews.swift */ = {isa = PBXFileReference; lastKnownFileType = sourcecode.swift; path = ReceiptViews.swift; sourceTree = "<group>"; };
		A1000000000000000000000E /* StatementAndReminderServices.swift */ = {isa = PBXFileReference; lastKnownFileType = sourcecode.swift; path = StatementAndReminderServices.swift; sourceTree = "<group>"; };
		A1000000000000000000000F /* StatementAndReminderViews.swift */ = {isa = PBXFileReference; lastKnownFileType = sourcecode.swift; path = StatementAndReminderViews.swift; sourceTree = "<group>"; };
		A10000000000000000000010 /* BackupRecoveryService.swift */ = {isa = PBXFileReference; lastKnownFileType = sourcecode.swift; path = BackupRecoveryService.swift; sourceTree = "<group>"; };
		A10000000000000000000011 /* BackupRecoveryView.swift */ = {isa = PBXFileReference; lastKnownFileType = sourcecode.swift; path = BackupRecoveryView.swift; sourceTree = "<group>"; };
		A10000000000000000000012 /* OnboardingView.swift */ = {isa = PBXFileReference; lastKnownFileType = sourcecode.swift; path = OnboardingView.swift; sourceTree = "<group>"; };
		A10000000000000000000013 /* Assets.xcassets */ = {isa = PBXFileReference; lastKnownFileType = folder.assetcatalog; path = Assets.xcassets; sourceTree = "<group>"; };
		A10000000000000000000014 /* PrivacyInfo.xcprivacy */ = {isa = PBXFileReference; lastKnownFileType = text.xml; path = PrivacyInfo.xcprivacy; sourceTree = "<group>"; };
		A20000000000000000000001 /* Records.swift */ = {isa = PBXFileReference; lastKnownFileType = sourcecode.swift; path = Records.swift; sourceTree = "<group>"; };
		A20000000000000000000002 /* Backup.swift */ = {isa = PBXFileReference; lastKnownFileType = sourcecode.swift; path = Backup.swift; sourceTree = "<group>"; };
		A20000000000000000000003 /* Money.swift */ = {isa = PBXFileReference; lastKnownFileType = sourcecode.swift; path = Money.swift; sourceTree = "<group>"; };
		A20000000000000000000004 /* Merge.swift */ = {isa = PBXFileReference; lastKnownFileType = sourcecode.swift; path = Merge.swift; sourceTree = "<group>"; };
		A20000000000000000000005 /* ServicePorts.swift */ = {isa = PBXFileReference; lastKnownFileType = sourcecode.swift; path = ServicePorts.swift; sourceTree = "<group>"; };
		A20000000000000000000006 /* BackupRecovery.swift */ = {isa = PBXFileReference; lastKnownFileType = sourcecode.swift; path = BackupRecovery.swift; sourceTree = "<group>"; };
		A20000000000000000000007 /* TeamDelivery.swift */ = {isa = PBXFileReference; lastKnownFileType = sourcecode.swift; path = TeamDelivery.swift; sourceTree = "<group>"; };
		A20000000000000000000008 /* TeamInbox.swift */ = {isa = PBXFileReference; lastKnownFileType = sourcecode.swift; path = TeamInbox.swift; sourceTree = "<group>"; };
		A20000000000000000000009 /* TeamPortableArchive.swift */ = {isa = PBXFileReference; lastKnownFileType = sourcecode.swift; path = TeamPortableArchive.swift; sourceTree = "<group>"; };
		A2000000000000000000000A /* TeamNativeSignIn.swift */ = {isa = PBXFileReference; lastKnownFileType = sourcecode.swift; path = TeamNativeSignIn.swift; sourceTree = "<group>"; };
		A2000000000000000000000B /* TeamAuthHTTP.swift */ = {isa = PBXFileReference; lastKnownFileType = sourcecode.swift; path = TeamAuthHTTP.swift; sourceTree = "<group>"; };
		A2000000000000000000000C /* TeamAccountSessionStore.swift */ = {isa = PBXFileReference; lastKnownFileType = sourcecode.swift; path = TeamAccountSessionStore.swift; sourceTree = "<group>"; };
		A2000000000000000000000D /* TeamAccountRefreshManager.swift */ = {isa = PBXFileReference; lastKnownFileType = sourcecode.swift; path = TeamAccountRefreshManager.swift; sourceTree = "<group>"; };
		A2000000000000000000000E /* TeamAccountSignInCoordinator.swift */ = {isa = PBXFileReference; lastKnownFileType = sourcecode.swift; path = TeamAccountSignInCoordinator.swift; sourceTree = "<group>"; };
		A2000000000000000000000F /* TeamAppleIdentityAuthorizer.swift */ = {isa = PBXFileReference; lastKnownFileType = sourcecode.swift; path = TeamAppleIdentityAuthorizer.swift; sourceTree = "<group>"; };
		A20000000000000000000010 /* TeamDeviceEnrollmentWire.swift */ = {isa = PBXFileReference; lastKnownFileType = sourcecode.swift; path = TeamDeviceEnrollmentWire.swift; sourceTree = "<group>"; };
		A20000000000000000000011 /* TeamGoogleTokenClient.swift */ = {isa = PBXFileReference; lastKnownFileType = sourcecode.swift; path = TeamGoogleTokenClient.swift; sourceTree = "<group>"; };
		A20000000000000000000012 /* TeamGoogleIdentityAuthorizer.swift */ = {isa = PBXFileReference; lastKnownFileType = sourcecode.swift; path = TeamGoogleIdentityAuthorizer.swift; sourceTree = "<group>"; };
		A20000000000000000000013 /* TeamGoogleOAuthRequest.swift */ = {isa = PBXFileReference; lastKnownFileType = sourcecode.swift; path = TeamGoogleOAuthRequest.swift; sourceTree = "<group>"; };
		A3000000000000000000000C /* TeamGoogleIdentityAuthorizerTests.swift */ = {isa = PBXFileReference; lastKnownFileType = sourcecode.swift; path = ../Tests/PinbookCoreTests/TeamGoogleIdentityAuthorizerTests.swift; sourceTree = "<group>"; };
		A3000000000000000000000D /* TeamGoogleOAuthRequestTests.swift */ = {isa = PBXFileReference; lastKnownFileType = sourcecode.swift; path = ../Tests/PinbookCoreTests/TeamGoogleOAuthRequestTests.swift; sourceTree = "<group>"; };
		A30000000000000000000009 /* TeamAccountSignInCoordinatorTests.swift */ = {isa = PBXFileReference; lastKnownFileType = sourcecode.swift; path = ../Tests/PinbookCoreTests/TeamAccountSignInCoordinatorTests.swift; sourceTree = "<group>"; };
		A3000000000000000000000A /* TeamAppleIdentityAuthorizerTests.swift */ = {isa = PBXFileReference; lastKnownFileType = sourcecode.swift; path = ../Tests/PinbookCoreTests/TeamAppleIdentityAuthorizerTests.swift; sourceTree = "<group>"; };
		A3000000000000000000000B /* TeamDeviceEnrollmentWireTests.swift */ = {isa = PBXFileReference; lastKnownFileType = sourcecode.swift; path = ../Tests/PinbookCoreTests/TeamDeviceEnrollmentWireTests.swift; sourceTree = "<group>"; };
		A30000000000000000000008 /* TeamAccountRefreshManagerTests.swift */ = {isa = PBXFileReference; lastKnownFileType = sourcecode.swift; path = ../Tests/PinbookCoreTests/TeamAccountRefreshManagerTests.swift; sourceTree = "<group>"; };
		A30000000000000000000007 /* TeamAccountSessionStoreTests.swift */ = {isa = PBXFileReference; lastKnownFileType = sourcecode.swift; path = ../Tests/PinbookCoreTests/TeamAccountSessionStoreTests.swift; sourceTree = "<group>"; };
		A30000000000000000000006 /* TeamAuthHTTPTests.swift */ = {isa = PBXFileReference; lastKnownFileType = sourcecode.swift; path = ../Tests/PinbookCoreTests/TeamAuthHTTPTests.swift; sourceTree = "<group>"; };
		A30000000000000000000005 /* TeamNativeSignInTests.swift */ = {isa = PBXFileReference; lastKnownFileType = sourcecode.swift; path = ../Tests/PinbookCoreTests/TeamNativeSignInTests.swift; sourceTree = "<group>"; };
		A30000000000000000000004 /* TeamPortableArchiveTests.swift */ = {isa = PBXFileReference; lastKnownFileType = sourcecode.swift; path = ../Tests/PinbookCoreTests/TeamPortableArchiveTests.swift; sourceTree = "<group>"; };
		A30000000000000000000002 /* TeamDeliveryTests.swift */ = {isa = PBXFileReference; lastKnownFileType = sourcecode.swift; path = ../Tests/PinbookCoreTests/TeamDeliveryTests.swift; sourceTree = "<group>"; };
		A30000000000000000000003 /* Fixtures */ = {isa = PBXFileReference; lastKnownFileType = folder; path = ../Tests/PinbookCoreTests/Fixtures; sourceTree = "<group>"; };
		A30000000000000000000001 /* PinbookTests.swift */ = {isa = PBXFileReference; lastKnownFileType = sourcecode.swift; path = PinbookTests.swift; sourceTree = "<group>"; };
		A40000000000000000000001 /* PinbookUITests.swift */ = {isa = PBXFileReference; lastKnownFileType = sourcecode.swift; path = PinbookUITests.swift; sourceTree = "<group>"; };
		A50000000000000000000001 /* PinbookWidgets.swift */ = {isa = PBXFileReference; lastKnownFileType = sourcecode.swift; path = PinbookWidgets.swift; sourceTree = "<group>"; };
		A50000000000000000000002 /* Info.plist */ = {isa = PBXFileReference; lastKnownFileType = text.plist.xml; path = Info.plist; sourceTree = "<group>"; };
		P10000000000000000000001 /* Pinbook.app */ = {isa = PBXFileReference; explicitFileType = wrapper.application; includeInIndex = 0; path = Pinbook.app; sourceTree = BUILT_PRODUCTS_DIR; };
		P30000000000000000000001 /* PinbookTests.xctest */ = {isa = PBXFileReference; explicitFileType = wrapper.cfbundle; includeInIndex = 0; path = PinbookTests.xctest; sourceTree = BUILT_PRODUCTS_DIR; };
		P40000000000000000000001 /* PinbookUITests.xctest */ = {isa = PBXFileReference; explicitFileType = wrapper.cfbundle; includeInIndex = 0; path = PinbookUITests.xctest; sourceTree = BUILT_PRODUCTS_DIR; };
		P50000000000000000000001 /* PinbookWidgets.appex */ = {isa = PBXFileReference; explicitFileType = "wrapper.app-extension"; includeInIndex = 0; path = PinbookWidgets.appex; sourceTree = BUILT_PRODUCTS_DIR; };
/* End PBXFileReference section */

/* Begin PBXFrameworksBuildPhase section */
		F10000000000000000000001 /* Frameworks */ = {
			isa = PBXFrameworksBuildPhase;
			buildActionMask = 2147483647;
			files = (
				B60000000000000000000001 /* AppAuth in Frameworks */,
			);
			runOnlyForDeploymentPostprocessing = 0;
		};
		F30000000000000000000001 /* Frameworks */ = {
			isa = PBXFrameworksBuildPhase;
			buildActionMask = 2147483647;
			files = (
				B60000000000000000000002 /* AppAuth in Frameworks */,
			);
			runOnlyForDeploymentPostprocessing = 0;
		};
		F40000000000000000000001 /* Frameworks */ = {
			isa = PBXFrameworksBuildPhase;
			buildActionMask = 2147483647;
			files = (
			);
			runOnlyForDeploymentPostprocessing = 0;
		};
		F50000000000000000000001 /* Frameworks */ = {
			isa = PBXFrameworksBuildPhase;
			buildActionMask = 2147483647;
			files = (
			);
			runOnlyForDeploymentPostprocessing = 0;
		};
/* End PBXFrameworksBuildPhase section */

/* Begin PBXGroup section */
		G00000000000000000000001 = {
			isa = PBXGroup;
			children = (
				G10000000000000000000001 /* Pinbook */,
				G50000000000000000000001 /* PinbookWidgets */,
				G20000000000000000000001 /* PinbookCore */,
				G30000000000000000000001 /* PinbookTests */,
				G40000000000000000000001 /* PinbookUITests */,
				G90000000000000000000001 /* Products */,
			);
			sourceTree = "<group>";
		};
		G10000000000000000000001 /* Pinbook */ = {
			isa = PBXGroup;
			children = (
				A10000000000000000000013 /* Assets.xcassets */,
				A10000000000000000000014 /* PrivacyInfo.xcprivacy */,
				A10000000000000000000001 /* PinbookApp.swift */,
				A10000000000000000000002 /* PersistenceModels.swift */,
				A10000000000000000000003 /* PinbookTheme.swift */,
				A10000000000000000000004 /* AppShellView.swift */,
				A10000000000000000000005 /* ExpenseViews.swift */,
				A10000000000000000000006 /* ExpenseEditorView.swift */,
				A10000000000000000000007 /* SummaryAndNotedViews.swift */,
				A10000000000000000000008 /* OptionsView.swift */,
				A10000000000000000000009 /* Localizable.xcstrings */,
				D60000000000000000000007 /* DriveSync.xcstrings */,
				A1000000000000000000000A /* LaunchConfiguration.swift */,
				A1000000000000000000000B /* TemplatesAndQuickAddViews.swift */,
				A1000000000000000000000C /* ReceiptFileStore.swift */,
				A1000000000000000000000D /* ReceiptViews.swift */,
				A1000000000000000000000E /* StatementAndReminderServices.swift */,
				A1000000000000000000000F /* StatementAndReminderViews.swift */,
				A10000000000000000000010 /* BackupRecoveryService.swift */,
				A10000000000000000000011 /* BackupRecoveryView.swift */,
				A10000000000000000000012 /* OnboardingView.swift */,
				A10000000000000000000015 /* TeamMembershipView.swift */,
				A10000000000000000000016 /* TeamInvitationAccountView.swift */,
				D60000000000000000000005 /* PersonalGoogleDriveRuntime.swift */,
				E10000000000000000000001 /* TeamDeviceRegistrationView.swift */,
				E10000000000000000000002 /* TeamInvitationWorkflowView.swift */,
			);
			path = Pinbook;
			sourceTree = "<group>";
		};
		G20000000000000000000001 /* PinbookCore */ = {
			isa = PBXGroup;
			children = (
				A20000000000000000000001 /* Records.swift */,
				A20000000000000000000002 /* Backup.swift */,
				A20000000000000000000003 /* Money.swift */,
				A20000000000000000000004 /* Merge.swift */,
				A20000000000000000000005 /* ServicePorts.swift */,
				A20000000000000000000006 /* BackupRecovery.swift */,
				A20000000000000000000007 /* TeamDelivery.swift */,
				A20000000000000000000008 /* TeamInbox.swift */,
				A20000000000000000000009 /* TeamPortableArchive.swift */,
				A2000000000000000000000A /* TeamNativeSignIn.swift */,
				A2000000000000000000000B /* TeamAuthHTTP.swift */,
				A2000000000000000000000C /* TeamAccountSessionStore.swift */,
				A2000000000000000000000D /* TeamAccountRefreshManager.swift */,
				A2000000000000000000000E /* TeamAccountSignInCoordinator.swift */,
				A2000000000000000000000F /* TeamAppleIdentityAuthorizer.swift */,
				A20000000000000000000010 /* TeamDeviceEnrollmentWire.swift */,
				A20000000000000000000011 /* TeamGoogleTokenClient.swift */,
				A20000000000000000000012 /* TeamGoogleIdentityAuthorizer.swift */,
				A20000000000000000000013 /* TeamGoogleOAuthRequest.swift */,
				A20000000000000000000014 /* TeamStrictJSON.swift */,
				A20000000000000000000015 /* TeamOnboardingHTTP.swift */,
				A20000000000000000000016 /* TeamDeviceCustody.swift */,
				A20000000000000000000017 /* TeamDeviceRegistration.swift */,
				A20000000000000000000018 /* TeamInvitedSignIn.swift */,
				A20000000000000000000019 /* TeamJoinStore.swift */,
				A2000000000000000000001A /* TeamMembershipJoin.swift */,
				A2000000000000000000001B /* TeamMembershipScreen.swift */,
				A2000000000000000000001C /* TeamInvitationAccountScreen.swift */,
				A2000000000000000000001D /* TeamInvitationDeviceFlow.swift */,
				E20000000000000000000001 /* TeamDeviceRegistrationScreen.swift */,
				E20000000000000000000002 /* TeamInvitationWorkflow.swift */,
				C70000000000000000000001 /* TeamDeviceRequestWire.swift */,
				C70000000000000000000005 /* TeamDeviceRequestHTTP.swift */,
				C70000000000000000000007 /* TeamAudienceLookup.swift */,
				C7000000000000000000000B /* TeamDeliveryCryptoPrimitives.swift */,
				C7000000000000000000000F /* TeamAgreementKeyCustody.swift */,
				C70000000000000000000013 /* TeamAgreementEnrollment.swift */,
				C70000000000000000000017 /* TeamOutgoingStore.swift */,
				C7000000000000000000001B /* TeamAgreementPossession.swift */,
				C80000000000000000000001 /* TeamDeliveryJWE.swift */,
				C80000000000000000000005 /* TeamDeliveryPayload.swift */,
				C80000000000000000000009 /* TeamDeliverySubmitIntent.swift */,
				C8000000000000000000000D /* TeamDeliveryJournalEvent.swift */,
				C90000000000000000000003 /* PersonalCloudUpload.swift */,
				C90000000000000000000007 /* GoogleDriveBackupTransport.swift */,
				CA0000000000000000000001 /* PersonalGoogleDriveOAuth.swift */,
				CB0000000000000000000001 /* PersonalGoogleDriveCredentialStore.swift */,
				CD0000000000000000000001 /* PersonalGoogleDriveRevocation.swift */,
				CE0000000000000000000001 /* PersonalGoogleDriveAuthorizer.swift */,
				CF0000000000000000000001 /* PersonalGoogleDriveConnection.swift */,
				D60000000000000000000001 /* PersonalGoogleDriveAccess.swift */,
				D70000000000000000000001 /* PersonalCloudSync.swift */,
			);
			path = Sources/PinbookCore;
			sourceTree = "<group>";
		};
		G30000000000000000000001 /* PinbookTests */ = {
			isa = PBXGroup;
			children = (
				A30000000000000000000001 /* PinbookTests.swift */,
				A30000000000000000000002 /* TeamDeliveryTests.swift */,
				A30000000000000000000004 /* TeamPortableArchiveTests.swift */,
				A30000000000000000000005 /* TeamNativeSignInTests.swift */,
				A30000000000000000000006 /* TeamAuthHTTPTests.swift */,
				A30000000000000000000007 /* TeamAccountSessionStoreTests.swift */,
				A30000000000000000000008 /* TeamAccountRefreshManagerTests.swift */,
				A30000000000000000000009 /* TeamAccountSignInCoordinatorTests.swift */,
				A3000000000000000000000A /* TeamAppleIdentityAuthorizerTests.swift */,
				A3000000000000000000000B /* TeamDeviceEnrollmentWireTests.swift */,
				A3000000000000000000000C /* TeamGoogleIdentityAuthorizerTests.swift */,
				A3000000000000000000000D /* TeamGoogleOAuthRequestTests.swift */,
				A3000000000000000000000E /* TeamStrictJSONTests.swift */,
				A3000000000000000000000F /* TeamDeviceCustodyTests.swift */,
				A30000000000000000000010 /* TeamDeviceRegistrationTests.swift */,
				A30000000000000000000011 /* TeamInvitedSignInTests.swift */,
				A30000000000000000000012 /* TeamJoinStoreTests.swift */,
				A30000000000000000000013 /* TeamMembershipJoinTests.swift */,
				A30000000000000000000014 /* TeamMembershipScreenTests.swift */,
				A30000000000000000000015 /* TeamInvitationAccountScreenTests.swift */,
				E30000000000000000000001 /* TeamInvitationWorkflowTests.swift */,
				C70000000000000000000003 /* TeamDeviceRequestWireTests.swift */,
				C70000000000000000000009 /* TeamAudienceLookupTests.swift */,
				C7000000000000000000000D /* TeamDeliveryCryptoPrimitivesTests.swift */,
				C70000000000000000000011 /* TeamAgreementKeyCustodyTests.swift */,
				C70000000000000000000019 /* TeamOutgoingStoreTests.swift */,
				C7000000000000000000001D /* TeamAgreementPossessionTests.swift */,
				C70000000000000000000015 /* TeamAgreementEnrollmentTests.swift */,
				C80000000000000000000003 /* TeamDeliveryJWETests.swift */,
				C80000000000000000000007 /* TeamDeliveryPayloadTests.swift */,
				C8000000000000000000000B /* TeamDeliverySubmitIntentTests.swift */,
				C8000000000000000000000F /* TeamDeliveryJournalEventTests.swift */,
				C90000000000000000000001 /* BackupTransportTests.swift */,
				C90000000000000000000005 /* GoogleDriveBackupTransportTests.swift */,
				CA0000000000000000000003 /* PersonalGoogleDriveOAuthTests.swift */,
				CB0000000000000000000003 /* PersonalGoogleDriveCredentialStoreTests.swift */,
				CD0000000000000000000003 /* PersonalGoogleDriveRevocationTests.swift */,
				CE0000000000000000000003 /* PersonalGoogleDriveAuthorizerTests.swift */,
				CF0000000000000000000003 /* PersonalGoogleDriveConnectionTests.swift */,
				D60000000000000000000003 /* PersonalGoogleDriveAccessTests.swift */,
				D70000000000000000000003 /* PersonalCloudSyncTests.swift */,
				A30000000000000000000003 /* Fixtures */,
			);
			path = PinbookTests;
			sourceTree = "<group>";
		};
		G40000000000000000000001 /* PinbookUITests */ = {
			isa = PBXGroup;
			children = (
				A40000000000000000000001 /* PinbookUITests.swift */,
			);
			path = PinbookUITests;
			sourceTree = "<group>";
		};
		G50000000000000000000001 /* PinbookWidgets */ = {
			isa = PBXGroup;
			children = (
				A50000000000000000000001 /* PinbookWidgets.swift */,
				A50000000000000000000002 /* Info.plist */,
			);
			path = PinbookWidgets;
			sourceTree = "<group>";
		};
		G90000000000000000000001 /* Products */ = {
			isa = PBXGroup;
			children = (
				P10000000000000000000001 /* Pinbook.app */,
				P30000000000000000000001 /* PinbookTests.xctest */,
				P40000000000000000000001 /* PinbookUITests.xctest */,
				P50000000000000000000001 /* PinbookWidgets.appex */,
			);
			name = Products;
			sourceTree = "<group>";
		};
/* End PBXGroup section */

/* Begin PBXNativeTarget section */
		T10000000000000000000001 /* Pinbook */ = {
			isa = PBXNativeTarget;
			buildConfigurationList = L10000000000000000000001 /* Build configuration list for PBXNativeTarget "Pinbook" */;
			buildPhases = (
				S10000000000000000000001 /* Sources */,
				F10000000000000000000001 /* Frameworks */,
				R10000000000000000000001 /* Resources */,
				X10000000000000000000001 /* Embed Foundation Extensions */,
			);
			buildRules = (
			);
			dependencies = (
				D50000000000000000000002 /* PBXTargetDependency */,
			);
			name = Pinbook;
			packageProductDependencies = (U60000000000000000000001 /* AppAuth */);
			productName = Pinbook;
			productReference = P10000000000000000000001 /* Pinbook.app */;
			productType = "com.apple.product-type.application";
		};
		T30000000000000000000001 /* PinbookTests */ = {
			isa = PBXNativeTarget;
			buildConfigurationList = L30000000000000000000001 /* Build configuration list for PBXNativeTarget "PinbookTests" */;
			buildPhases = (
				S30000000000000000000001 /* Sources */,
				F30000000000000000000001 /* Frameworks */,
				R30000000000000000000001 /* Resources */,
			);
			buildRules = (
			);
			dependencies = (
				D30000000000000000000002 /* PBXTargetDependency */,
			);
			name = PinbookTests;
			packageProductDependencies = (U60000000000000000000002 /* AppAuth */);
			productName = PinbookTests;
			productReference = P30000000000000000000001 /* PinbookTests.xctest */;
			productType = "com.apple.product-type.bundle.unit-test";
		};
		T40000000000000000000001 /* PinbookUITests */ = {
			isa = PBXNativeTarget;
			buildConfigurationList = L40000000000000000000001 /* Build configuration list for PBXNativeTarget "PinbookUITests" */;
			buildPhases = (
				S40000000000000000000001 /* Sources */,
				F40000000000000000000001 /* Frameworks */,
				R40000000000000000000001 /* Resources */,
			);
			buildRules = (
			);
			dependencies = (
				D40000000000000000000002 /* PBXTargetDependency */,
			);
			name = PinbookUITests;
			productName = PinbookUITests;
			productReference = P40000000000000000000001 /* PinbookUITests.xctest */;
			productType = "com.apple.product-type.bundle.ui-testing";
		};
		T50000000000000000000001 /* PinbookWidgets */ = {
			isa = PBXNativeTarget;
			buildConfigurationList = L50000000000000000000001 /* Build configuration list for PBXNativeTarget "PinbookWidgets" */;
			buildPhases = (
				S50000000000000000000001 /* Sources */,
				F50000000000000000000001 /* Frameworks */,
				R50000000000000000000001 /* Resources */,
			);
			buildRules = (
			);
			dependencies = (
			);
			name = PinbookWidgets;
			productName = PinbookWidgets;
			productReference = P50000000000000000000001 /* PinbookWidgets.appex */;
			productType = "com.apple.product-type.app-extension";
		};
/* End PBXNativeTarget section */

/* Begin PBXProject section */
		E00000000000000000000001 /* Project object */ = {
			isa = PBXProject;
			attributes = {
				BuildIndependentTargetsInParallel = 1;
				LastSwiftUpdateCheck = 2660;
				LastUpgradeCheck = 2660;
				TargetAttributes = {
					T10000000000000000000001 = { CreatedOnToolsVersion = 26.6; };
					T30000000000000000000001 = { CreatedOnToolsVersion = 26.6; TestTargetID = T10000000000000000000001; };
					T40000000000000000000001 = { CreatedOnToolsVersion = 26.6; TestTargetID = T10000000000000000000001; };
					T50000000000000000000001 = { CreatedOnToolsVersion = 26.6; };
				};
			};
			buildConfigurationList = L00000000000000000000001 /* Build configuration list for PBXProject "Pinbook" */;
			developmentRegion = en;
			hasScannedForEncodings = 0;
			knownRegions = (
				ar,
				en,
				Base,
				"zh-Hans",
				"zh-Hant",
				tr,
				es,
				fr,
				de,
				"pt-BR",
				hi,
				id,
				ja,
				ko,
				ru,
				it,
				ur,
			);
			mainGroup = G00000000000000000000001;
			packageReferences = (Q60000000000000000000001 /* AppAuth-iOS */);
			productRefGroup = G90000000000000000000001 /* Products */;
			projectDirPath = "";
			projectRoot = "";
			targets = (
				T10000000000000000000001 /* Pinbook */,
				T30000000000000000000001 /* PinbookTests */,
				T40000000000000000000001 /* PinbookUITests */,
				T50000000000000000000001 /* PinbookWidgets */,
			);
		};
/* End PBXProject section */

/* Begin PBXResourcesBuildPhase section */
		R10000000000000000000001 /* Resources */ = {
			isa = PBXResourcesBuildPhase;
			buildActionMask = 2147483647;
			files = (
				B10000000000000000000013 /* Assets.xcassets in Resources */,
				B10000000000000000000014 /* PrivacyInfo.xcprivacy in Resources */,
				B10000000000000000000009 /* Localizable.xcstrings in Resources */,
				D60000000000000000000008 /* DriveSync.xcstrings in Resources */,
			);
			runOnlyForDeploymentPostprocessing = 0;
		};
		R30000000000000000000001 /* Resources */ = {
			isa = PBXResourcesBuildPhase;
			buildActionMask = 2147483647;
			files = (
				B30000000000000000000003 /* Fixtures in Resources */,
			);
			runOnlyForDeploymentPostprocessing = 0;
		};
		R40000000000000000000001 /* Resources */ = {
			isa = PBXResourcesBuildPhase;
			buildActionMask = 2147483647;
			files = (
			);
			runOnlyForDeploymentPostprocessing = 0;
		};
		R50000000000000000000001 /* Resources */ = {
			isa = PBXResourcesBuildPhase;
			buildActionMask = 2147483647;
			files = (
				B50000000000000000000002 /* Localizable.xcstrings in Resources */,
			);
			runOnlyForDeploymentPostprocessing = 0;
		};
/* End PBXResourcesBuildPhase section */

/* Begin PBXSourcesBuildPhase section */
		S10000000000000000000001 /* Sources */ = {
			isa = PBXSourcesBuildPhase;
			buildActionMask = 2147483647;
			files = (
				B10000000000000000000001 /* PinbookApp.swift in Sources */,
				B10000000000000000000002 /* PersistenceModels.swift in Sources */,
				B10000000000000000000003 /* PinbookTheme.swift in Sources */,
				B10000000000000000000004 /* AppShellView.swift in Sources */,
				B10000000000000000000005 /* ExpenseViews.swift in Sources */,
				B10000000000000000000006 /* ExpenseEditorView.swift in Sources */,
				B10000000000000000000007 /* SummaryAndNotedViews.swift in Sources */,
				B10000000000000000000008 /* OptionsView.swift in Sources */,
				B1000000000000000000000A /* LaunchConfiguration.swift in Sources */,
				B1000000000000000000000B /* TemplatesAndQuickAddViews.swift in Sources */,
				B1000000000000000000000C /* ReceiptFileStore.swift in Sources */,
				B1000000000000000000000D /* ReceiptViews.swift in Sources */,
				B1000000000000000000000E /* StatementAndReminderServices.swift in Sources */,
				B1000000000000000000000F /* StatementAndReminderViews.swift in Sources */,
				B10000000000000000000010 /* BackupRecoveryService.swift in Sources */,
				B10000000000000000000011 /* BackupRecoveryView.swift in Sources */,
				B10000000000000000000012 /* OnboardingView.swift in Sources */,
				B10000000000000000000015 /* TeamMembershipView.swift in Sources */,
				B10000000000000000000016 /* TeamInvitationAccountView.swift in Sources */,
				D10000000000000000000001 /* TeamDeviceRegistrationView.swift in Sources */,
				D10000000000000000000002 /* TeamInvitationWorkflowView.swift in Sources */,
				B20000000000000000000001 /* Records.swift in Sources */,
				B20000000000000000000002 /* Backup.swift in Sources */,
				B20000000000000000000003 /* Money.swift in Sources */,
				B20000000000000000000004 /* Merge.swift in Sources */,
				B20000000000000000000005 /* ServicePorts.swift in Sources */,
				B20000000000000000000006 /* BackupRecovery.swift in Sources */,
				B20000000000000000000007 /* TeamDelivery.swift in Sources */,
				B20000000000000000000008 /* TeamInbox.swift in Sources */,
				B20000000000000000000009 /* TeamPortableArchive.swift in Sources */,
				B2000000000000000000000A /* TeamNativeSignIn.swift in Sources */,
				B2000000000000000000000B /* TeamAuthHTTP.swift in Sources */,
				B2000000000000000000000C /* TeamAccountSessionStore.swift in Sources */,
				B2000000000000000000000D /* TeamAccountRefreshManager.swift in Sources */,
				B2000000000000000000000E /* TeamAccountSignInCoordinator.swift in Sources */,
				B2000000000000000000000F /* TeamAppleIdentityAuthorizer.swift in Sources */,
				B20000000000000000000010 /* TeamDeviceEnrollmentWire.swift in Sources */,
				B20000000000000000000011 /* TeamGoogleTokenClient.swift in Sources */,
				B20000000000000000000012 /* TeamGoogleIdentityAuthorizer.swift in Sources */,
				B20000000000000000000013 /* TeamGoogleOAuthRequest.swift in Sources */,
				B20000000000000000000014 /* TeamStrictJSON.swift in Sources */,
				B20000000000000000000015 /* TeamOnboardingHTTP.swift in Sources */,
				B20000000000000000000016 /* TeamDeviceCustody.swift in Sources */,
				B20000000000000000000017 /* TeamDeviceRegistration.swift in Sources */,
				B20000000000000000000018 /* TeamInvitedSignIn.swift in Sources */,
				B20000000000000000000019 /* TeamJoinStore.swift in Sources */,
				B2000000000000000000001A /* TeamMembershipJoin.swift in Sources */,
				B2000000000000000000001B /* TeamMembershipScreen.swift in Sources */,
				B2000000000000000000001C /* TeamInvitationAccountScreen.swift in Sources */,
				B2000000000000000000001D /* TeamInvitationDeviceFlow.swift in Sources */,
				D20000000000000000000001 /* TeamDeviceRegistrationScreen.swift in Sources */,
				D20000000000000000000002 /* TeamInvitationWorkflow.swift in Sources */,
				C70000000000000000000002 /* TeamDeviceRequestWire.swift in Sources */,
				C70000000000000000000006 /* TeamDeviceRequestHTTP.swift in Sources */,
				C70000000000000000000008 /* TeamAudienceLookup.swift in Sources */,
				C7000000000000000000000C /* TeamDeliveryCryptoPrimitives.swift in Sources */,
				C70000000000000000000010 /* TeamAgreementKeyCustody.swift in Sources */,
				C70000000000000000000014 /* TeamAgreementEnrollment.swift in Sources */,
				C70000000000000000000018 /* TeamOutgoingStore.swift in Sources */,
				C7000000000000000000001C /* TeamAgreementPossession.swift in Sources */,
				C80000000000000000000002 /* TeamDeliveryJWE.swift in Sources */,
				C80000000000000000000006 /* TeamDeliveryPayload.swift in Sources */,
				C8000000000000000000000A /* TeamDeliverySubmitIntent.swift in Sources */,
				C8000000000000000000000E /* TeamDeliveryJournalEvent.swift in Sources */,
				C90000000000000000000004 /* PersonalCloudUpload.swift in Sources */,
				C90000000000000000000008 /* GoogleDriveBackupTransport.swift in Sources */,
				CA0000000000000000000002 /* PersonalGoogleDriveOAuth.swift in Sources */,
				CB0000000000000000000002 /* PersonalGoogleDriveCredentialStore.swift in Sources */,
				CD0000000000000000000002 /* PersonalGoogleDriveRevocation.swift in Sources */,
				CE0000000000000000000002 /* PersonalGoogleDriveAuthorizer.swift in Sources */,
				CF0000000000000000000002 /* PersonalGoogleDriveConnection.swift in Sources */,
				D60000000000000000000002 /* PersonalGoogleDriveAccess.swift in Sources */,
				D60000000000000000000006 /* PersonalGoogleDriveRuntime.swift in Sources */,
				D70000000000000000000002 /* PersonalCloudSync.swift in Sources */,
			);
			runOnlyForDeploymentPostprocessing = 0;
		};
		S30000000000000000000001 /* Sources */ = {
			isa = PBXSourcesBuildPhase;
			buildActionMask = 2147483647;
			files = (
				B30000000000000000000001 /* PinbookTests.swift in Sources */,
				B30000000000000000000002 /* TeamDeliveryTests.swift in Sources */,
				B30000000000000000000004 /* TeamPortableArchiveTests.swift in Sources */,
				B30000000000000000000005 /* TeamNativeSignInTests.swift in Sources */,
				B30000000000000000000006 /* TeamAuthHTTPTests.swift in Sources */,
				B30000000000000000000007 /* TeamAccountSessionStoreTests.swift in Sources */,
				B30000000000000000000008 /* TeamAccountRefreshManagerTests.swift in Sources */,
				B30000000000000000000009 /* TeamAccountSignInCoordinatorTests.swift in Sources */,
				B3000000000000000000000A /* TeamAppleIdentityAuthorizerTests.swift in Sources */,
				B3000000000000000000000B /* TeamDeviceEnrollmentWireTests.swift in Sources */,
				B3000000000000000000000C /* TeamGoogleIdentityAuthorizerTests.swift in Sources */,
				B3000000000000000000000D /* TeamGoogleOAuthRequestTests.swift in Sources */,
				B3000000000000000000000E /* TeamStrictJSONTests.swift in Sources */,
				B3000000000000000000000F /* TeamDeviceCustodyTests.swift in Sources */,
				B30000000000000000000010 /* TeamDeviceRegistrationTests.swift in Sources */,
				B30000000000000000000011 /* TeamInvitedSignInTests.swift in Sources */,
				B30000000000000000000012 /* TeamJoinStoreTests.swift in Sources */,
				B30000000000000000000013 /* TeamMembershipJoinTests.swift in Sources */,
				B30000000000000000000014 /* TeamMembershipScreenTests.swift in Sources */,
				B30000000000000000000015 /* TeamInvitationAccountScreenTests.swift in Sources */,
				Z30000000000000000000001 /* TeamInvitationWorkflowTests.swift in Sources */,
				C70000000000000000000004 /* TeamDeviceRequestWireTests.swift in Sources */,
				C7000000000000000000000A /* TeamAudienceLookupTests.swift in Sources */,
				C7000000000000000000000E /* TeamDeliveryCryptoPrimitivesTests.swift in Sources */,
				C70000000000000000000012 /* TeamAgreementKeyCustodyTests.swift in Sources */,
				C70000000000000000000016 /* TeamAgreementEnrollmentTests.swift in Sources */,
				C7000000000000000000001A /* TeamOutgoingStoreTests.swift in Sources */,
				C7000000000000000000001E /* TeamAgreementPossessionTests.swift in Sources */,
				C80000000000000000000004 /* TeamDeliveryJWETests.swift in Sources */,
				C80000000000000000000008 /* TeamDeliveryPayloadTests.swift in Sources */,
				C8000000000000000000000C /* TeamDeliverySubmitIntentTests.swift in Sources */,
				C80000000000000000000010 /* TeamDeliveryJournalEventTests.swift in Sources */,
				C90000000000000000000002 /* BackupTransportTests.swift in Sources */,
				C90000000000000000000006 /* GoogleDriveBackupTransportTests.swift in Sources */,
				CA0000000000000000000004 /* PersonalGoogleDriveOAuthTests.swift in Sources */,
				CB0000000000000000000004 /* PersonalGoogleDriveCredentialStoreTests.swift in Sources */,
				CD0000000000000000000004 /* PersonalGoogleDriveRevocationTests.swift in Sources */,
				CE0000000000000000000004 /* PersonalGoogleDriveAuthorizerTests.swift in Sources */,
				CF0000000000000000000004 /* PersonalGoogleDriveConnectionTests.swift in Sources */,
				D60000000000000000000004 /* PersonalGoogleDriveAccessTests.swift in Sources */,
				D70000000000000000000004 /* PersonalCloudSyncTests.swift in Sources */,
			);
			runOnlyForDeploymentPostprocessing = 0;
		};
		S40000000000000000000001 /* Sources */ = {
			isa = PBXSourcesBuildPhase;
			buildActionMask = 2147483647;
			files = (
				B40000000000000000000001 /* PinbookUITests.swift in Sources */,
			);
			runOnlyForDeploymentPostprocessing = 0;
		};
		S50000000000000000000001 /* Sources */ = {
			isa = PBXSourcesBuildPhase;
			buildActionMask = 2147483647;
			files = (
				B50000000000000000000001 /* PinbookWidgets.swift in Sources */,
			);
			runOnlyForDeploymentPostprocessing = 0;
		};
/* End PBXSourcesBuildPhase section */

/* Begin PBXTargetDependency section */
		D30000000000000000000002 /* PBXTargetDependency */ = {
			isa = PBXTargetDependency;
			target = T10000000000000000000001 /* Pinbook */;
			targetProxy = D30000000000000000000001 /* PBXContainerItemProxy */;
		};
		D40000000000000000000002 /* PBXTargetDependency */ = {
			isa = PBXTargetDependency;
			target = T10000000000000000000001 /* Pinbook */;
			targetProxy = D40000000000000000000001 /* PBXContainerItemProxy */;
		};
		D50000000000000000000002 /* PBXTargetDependency */ = {
			isa = PBXTargetDependency;
			target = T50000000000000000000001 /* PinbookWidgets */;
			targetProxy = D50000000000000000000001 /* PBXContainerItemProxy */;
		};
/* End PBXTargetDependency section */

/* Begin XCBuildConfiguration section */
		C00000000000000000000001 /* Debug */ = {
			isa = XCBuildConfiguration;
			buildSettings = {
				ALWAYS_SEARCH_USER_PATHS = NO;
				CLANG_ENABLE_MODULES = YES;
				CLANG_ENABLE_OBJC_ARC = YES;
				COPY_PHASE_STRIP = NO;
				DEBUG_INFORMATION_FORMAT = dwarf;
				ENABLE_TESTABILITY = YES;
				GCC_C_LANGUAGE_STANDARD = gnu17;
				GCC_OPTIMIZATION_LEVEL = 0;
				ONLY_ACTIVE_ARCH = YES;
				PINBOOK_BUNDLE_ROOT = com.zaidsafa.pinbook.ios;
				PINBOOK_APP_DISPLAY_NAME = Pinbook;
				PINBOOK_PERSONAL_GOOGLE_DRIVE_CLIENT_ID = "599020933167-8diur3kal045ded3tqh5ln137g2562tq.apps.googleusercontent.com";
				PINBOOK_PERSONAL_GOOGLE_DRIVE_REDIRECT_SCHEME = "com.googleusercontent.apps.599020933167-8diur3kal045ded3tqh5ln137g2562tq";
				PINBOOK_URL_SCHEME = pinbook;
				SWIFT_ACTIVE_COMPILATION_CONDITIONS = "DEBUG $(inherited)";
				SWIFT_OPTIMIZATION_LEVEL = "-Onone";
			};
			name = Debug;
		};
		C00000000000000000000002 /* Release */ = {
			isa = XCBuildConfiguration;
			buildSettings = {
				ALWAYS_SEARCH_USER_PATHS = NO;
				CLANG_ENABLE_MODULES = YES;
				CLANG_ENABLE_OBJC_ARC = YES;
				COPY_PHASE_STRIP = YES;
				DEBUG_INFORMATION_FORMAT = "dwarf-with-dsym";
				GCC_C_LANGUAGE_STANDARD = gnu17;
				SWIFT_COMPILATION_MODE = wholemodule;
				PINBOOK_BUNDLE_ROOT = com.zaidsafa.pinbook.ios;
				PINBOOK_APP_DISPLAY_NAME = Pinbook;
				PINBOOK_PERSONAL_GOOGLE_DRIVE_CLIENT_ID = "599020933167-8diur3kal045ded3tqh5ln137g2562tq.apps.googleusercontent.com";
				PINBOOK_PERSONAL_GOOGLE_DRIVE_REDIRECT_SCHEME = "com.googleusercontent.apps.599020933167-8diur3kal045ded3tqh5ln137g2562tq";
				PINBOOK_URL_SCHEME = pinbook;
			};
			name = Release;
		};
		C10000000000000000000001 /* Debug */ = {
			isa = XCBuildConfiguration;
			buildSettings = {
				ASSETCATALOG_COMPILER_APPICON_NAME = AppIcon;
				ASSETCATALOG_COMPILER_GENERATE_SWIFT_ASSET_SYMBOL_EXTENSIONS = YES;
				CODE_SIGN_STYLE = Automatic;
				CURRENT_PROJECT_VERSION = 3;
				DEVELOPMENT_TEAM = F98S3VN5NL;
				DEVELOPMENT_ASSET_PATHS = "";
				ENABLE_PREVIEWS = YES;
				GENERATE_INFOPLIST_FILE = NO;
				INFOPLIST_FILE = Pinbook/Info.plist;
				INFOPLIST_KEY_CFBundleDisplayName = "$(PINBOOK_APP_DISPLAY_NAME)";
				INFOPLIST_KEY_LSApplicationCategoryType = "public.app-category.finance";
				INFOPLIST_KEY_UIApplicationSceneManifest_Generation = YES;
				INFOPLIST_KEY_UILaunchScreen_Generation = YES;
				INFOPLIST_KEY_UISupportedInterfaceOrientations = "UIInterfaceOrientationPortrait UIInterfaceOrientationPortraitUpsideDown UIInterfaceOrientationLandscapeLeft UIInterfaceOrientationLandscapeRight";
				IPHONEOS_DEPLOYMENT_TARGET = 26.1;
				LD_RUNPATH_SEARCH_PATHS = "$(inherited) @executable_path/Frameworks";
				MARKETING_VERSION = 0.1.0;
				PRODUCT_BUNDLE_IDENTIFIER = "$(PINBOOK_BUNDLE_ROOT)";
				PRODUCT_NAME = "$(TARGET_NAME)";
				SUPPORTED_PLATFORMS = "iphoneos iphonesimulator";
				SUPPORTS_MACCATALYST = NO;
				SWIFT_EMIT_LOC_STRINGS = YES;
				SWIFT_STRICT_CONCURRENCY = complete;
				SWIFT_VERSION = 6.0;
				TARGETED_DEVICE_FAMILY = "1,2";
			};
			name = Debug;
		};
		C10000000000000000000002 /* Release */ = {
			isa = XCBuildConfiguration;
			buildSettings = {
				ASSETCATALOG_COMPILER_APPICON_NAME = AppIcon;
				ASSETCATALOG_COMPILER_GENERATE_SWIFT_ASSET_SYMBOL_EXTENSIONS = YES;
				CODE_SIGN_STYLE = Automatic;
				CURRENT_PROJECT_VERSION = 3;
				DEVELOPMENT_TEAM = F98S3VN5NL;
				DEVELOPMENT_ASSET_PATHS = "";
				GENERATE_INFOPLIST_FILE = NO;
				INFOPLIST_FILE = Pinbook/Info.plist;
				INFOPLIST_KEY_CFBundleDisplayName = "$(PINBOOK_APP_DISPLAY_NAME)";
				INFOPLIST_KEY_LSApplicationCategoryType = "public.app-category.finance";
				INFOPLIST_KEY_UIApplicationSceneManifest_Generation = YES;
				INFOPLIST_KEY_UILaunchScreen_Generation = YES;
				INFOPLIST_KEY_UISupportedInterfaceOrientations = "UIInterfaceOrientationPortrait UIInterfaceOrientationPortraitUpsideDown UIInterfaceOrientationLandscapeLeft UIInterfaceOrientationLandscapeRight";
				IPHONEOS_DEPLOYMENT_TARGET = 26.1;
				LD_RUNPATH_SEARCH_PATHS = "$(inherited) @executable_path/Frameworks";
				MARKETING_VERSION = 0.1.0;
				PRODUCT_BUNDLE_IDENTIFIER = "$(PINBOOK_BUNDLE_ROOT)";
				PRODUCT_NAME = "$(TARGET_NAME)";
				SUPPORTED_PLATFORMS = "iphoneos iphonesimulator";
				SUPPORTS_MACCATALYST = NO;
				SWIFT_EMIT_LOC_STRINGS = YES;
				SWIFT_STRICT_CONCURRENCY = complete;
				SWIFT_VERSION = 6.0;
				TARGETED_DEVICE_FAMILY = "1,2";
			};
			name = Release;
		};
		C30000000000000000000001 /* Debug */ = {
			isa = XCBuildConfiguration;
			buildSettings = {
				BUNDLE_LOADER = "$(TEST_HOST)";
				GENERATE_INFOPLIST_FILE = YES;
				IPHONEOS_DEPLOYMENT_TARGET = 26.1;
				PRODUCT_BUNDLE_IDENTIFIER = "$(PINBOOK_BUNDLE_ROOT).tests";
				PRODUCT_NAME = "$(TARGET_NAME)";
				SUPPORTED_PLATFORMS = "iphoneos iphonesimulator";
				SUPPORTS_MACCATALYST = NO;
				SWIFT_STRICT_CONCURRENCY = complete;
				SWIFT_VERSION = 6.0;
				TARGETED_DEVICE_FAMILY = "1,2";
				TEST_HOST = "$(BUILT_PRODUCTS_DIR)/Pinbook.app/$(BUNDLE_EXECUTABLE_FOLDER_PATH)/Pinbook";
			};
			name = Debug;
		};
		C30000000000000000000002 /* Release */ = {
			isa = XCBuildConfiguration;
			buildSettings = {
				BUNDLE_LOADER = "$(TEST_HOST)";
				GENERATE_INFOPLIST_FILE = YES;
				IPHONEOS_DEPLOYMENT_TARGET = 26.1;
				PRODUCT_BUNDLE_IDENTIFIER = "$(PINBOOK_BUNDLE_ROOT).tests";
				PRODUCT_NAME = "$(TARGET_NAME)";
				SUPPORTED_PLATFORMS = "iphoneos iphonesimulator";
				SUPPORTS_MACCATALYST = NO;
				SWIFT_STRICT_CONCURRENCY = complete;
				SWIFT_VERSION = 6.0;
				TARGETED_DEVICE_FAMILY = "1,2";
				TEST_HOST = "$(BUILT_PRODUCTS_DIR)/Pinbook.app/$(BUNDLE_EXECUTABLE_FOLDER_PATH)/Pinbook";
			};
			name = Release;
		};
		C40000000000000000000001 /* Debug */ = {
			isa = XCBuildConfiguration;
			buildSettings = {
				GENERATE_INFOPLIST_FILE = YES;
				IPHONEOS_DEPLOYMENT_TARGET = 26.1;
				PRODUCT_BUNDLE_IDENTIFIER = "$(PINBOOK_BUNDLE_ROOT).uitests";
				PRODUCT_NAME = "$(TARGET_NAME)";
				SUPPORTED_PLATFORMS = "iphoneos iphonesimulator";
				SUPPORTS_MACCATALYST = NO;
				SWIFT_STRICT_CONCURRENCY = complete;
				SWIFT_VERSION = 6.0;
				TARGETED_DEVICE_FAMILY = "1,2";
				TEST_TARGET_NAME = Pinbook;
			};
			name = Debug;
		};
		C40000000000000000000002 /* Release */ = {
			isa = XCBuildConfiguration;
			buildSettings = {
				GENERATE_INFOPLIST_FILE = YES;
				IPHONEOS_DEPLOYMENT_TARGET = 26.1;
				PRODUCT_BUNDLE_IDENTIFIER = "$(PINBOOK_BUNDLE_ROOT).uitests";
				PRODUCT_NAME = "$(TARGET_NAME)";
				SUPPORTED_PLATFORMS = "iphoneos iphonesimulator";
				SUPPORTS_MACCATALYST = NO;
				SWIFT_STRICT_CONCURRENCY = complete;
				SWIFT_VERSION = 6.0;
				TARGETED_DEVICE_FAMILY = "1,2";
				TEST_TARGET_NAME = Pinbook;
			};
			name = Release;
		};
		C50000000000000000000001 /* Debug */ = {
			isa = XCBuildConfiguration;
			buildSettings = {
				APPLICATION_EXTENSION_API_ONLY = YES;
				CODE_SIGN_STYLE = Automatic;
				CURRENT_PROJECT_VERSION = 3;
				DEVELOPMENT_TEAM = F98S3VN5NL;
				GENERATE_INFOPLIST_FILE = NO;
				INFOPLIST_FILE = PinbookWidgets/Info.plist;
				IPHONEOS_DEPLOYMENT_TARGET = 26.1;
				LD_RUNPATH_SEARCH_PATHS = "$(inherited) @executable_path/Frameworks @executable_path/../../Frameworks";
				MARKETING_VERSION = 0.1.0;
				PRODUCT_BUNDLE_IDENTIFIER = "$(PINBOOK_BUNDLE_ROOT).widgets";
				PRODUCT_NAME = "$(TARGET_NAME)";
				SKIP_INSTALL = YES;
				SUPPORTED_PLATFORMS = "iphoneos iphonesimulator";
				SWIFT_EMIT_LOC_STRINGS = YES;
				SWIFT_STRICT_CONCURRENCY = complete;
				SWIFT_VERSION = 6.0;
				TARGETED_DEVICE_FAMILY = "1,2";
			};
			name = Debug;
		};
		C50000000000000000000002 /* Release */ = {
			isa = XCBuildConfiguration;
			buildSettings = {
				APPLICATION_EXTENSION_API_ONLY = YES;
				CODE_SIGN_STYLE = Automatic;
				CURRENT_PROJECT_VERSION = 3;
				DEVELOPMENT_TEAM = F98S3VN5NL;
				GENERATE_INFOPLIST_FILE = NO;
				INFOPLIST_FILE = PinbookWidgets/Info.plist;
				IPHONEOS_DEPLOYMENT_TARGET = 26.1;
				LD_RUNPATH_SEARCH_PATHS = "$(inherited) @executable_path/Frameworks @executable_path/../../Frameworks";
				MARKETING_VERSION = 0.1.0;
				PRODUCT_BUNDLE_IDENTIFIER = "$(PINBOOK_BUNDLE_ROOT).widgets";
				PRODUCT_NAME = "$(TARGET_NAME)";
				SKIP_INSTALL = YES;
				SUPPORTED_PLATFORMS = "iphoneos iphonesimulator";
				SWIFT_EMIT_LOC_STRINGS = YES;
				SWIFT_STRICT_CONCURRENCY = complete;
				SWIFT_VERSION = 6.0;
				TARGETED_DEVICE_FAMILY = "1,2";
			};
			name = Release;
		};
/* End XCBuildConfiguration section */

/* Begin XCConfigurationList section */
		L00000000000000000000001 /* Build configuration list for PBXProject "Pinbook" */ = {
			isa = XCConfigurationList;
			buildConfigurations = (
				C00000000000000000000001 /* Debug */,
				C00000000000000000000002 /* Release */,
			);
			defaultConfigurationIsVisible = 0;
			defaultConfigurationName = Release;
		};
		L10000000000000000000001 /* Build configuration list for PBXNativeTarget "Pinbook" */ = {
			isa = XCConfigurationList;
			buildConfigurations = (
				C10000000000000000000001 /* Debug */,
				C10000000000000000000002 /* Release */,
			);
			defaultConfigurationIsVisible = 0;
			defaultConfigurationName = Release;
		};
		L30000000000000000000001 /* Build configuration list for PBXNativeTarget "PinbookTests" */ = {
			isa = XCConfigurationList;
			buildConfigurations = (
				C30000000000000000000001 /* Debug */,
				C30000000000000000000002 /* Release */,
			);
			defaultConfigurationIsVisible = 0;
			defaultConfigurationName = Release;
		};
		L40000000000000000000001 /* Build configuration list for PBXNativeTarget "PinbookUITests" */ = {
			isa = XCConfigurationList;
			buildConfigurations = (
				C40000000000000000000001 /* Debug */,
				C40000000000000000000002 /* Release */,
			);
			defaultConfigurationIsVisible = 0;
			defaultConfigurationName = Release;
		};
		L50000000000000000000001 /* Build configuration list for PBXNativeTarget "PinbookWidgets" */ = {
			isa = XCConfigurationList;
			buildConfigurations = (
				C50000000000000000000001 /* Debug */,
				C50000000000000000000002 /* Release */,
			);
			defaultConfigurationIsVisible = 0;
			defaultConfigurationName = Release;
		};
/* End XCConfigurationList section */
/* Begin XCRemoteSwiftPackageReference section */
		Q60000000000000000000001 /* AppAuth-iOS */ = {
			isa = XCRemoteSwiftPackageReference;
			repositoryURL = "https://github.com/openid/AppAuth-iOS.git";
			requirement = {kind = exactVersion; version = 3.0.0; };
		};
/* End XCRemoteSwiftPackageReference section */
/* Begin XCSwiftPackageProductDependency section */
		U60000000000000000000001 /* AppAuth */ = {isa = XCSwiftPackageProductDependency; package = Q60000000000000000000001 /* AppAuth-iOS */; productName = AppAuth; };
		U60000000000000000000002 /* AppAuth */ = {isa = XCSwiftPackageProductDependency; package = Q60000000000000000000001 /* AppAuth-iOS */; productName = AppAuth; };
/* End XCSwiftPackageProductDependency section */
	};
	rootObject = E00000000000000000000001 /* Project object */;
}
